// !$*UTF8*$!
{
	archiveVersion = 1;
	classes = {
	};
	objectVersion = 56;
	objects = {

/* Begin PBXBuildFile section */
		FA014E992A6EB75600043553 /* OnboardingView.swift in Sources */ = {isa = PBXBuildFile; fileRef = FA014E962A6EB75600043553 /* OnboardingView.swift */; };
		FA014E9A2A6EB75600043553 /* OnboardingCollectionViewCell.swift in Sources */ = {isa = PBXBuildFile; fileRef = FA014E972A6EB75600043553 /* OnboardingCollectionViewCell.swift */; };
		FA014E9B2A6EB75600043553 /* OnboardingViewModel.swift in Sources */ = {isa = PBXBuildFile; fileRef = FA014E982A6EB75600043553 /* OnboardingViewModel.swift */; };
		FA014E9D2A6EB76200043553 /* OnboardingViewController.swift in Sources */ = {isa = PBXBuildFile; fileRef = FA014E9C2A6EB76200043553 /* OnboardingViewController.swift */; };
		FA014EA22A6EC5AE00043553 /* TermsViewController.swift in Sources */ = {isa = PBXBuildFile; fileRef = FA014E9F2A6EC5AE00043553 /* TermsViewController.swift */; };
		FA014EA32A6EC5AE00043553 /* SettingsViewController.swift in Sources */ = {isa = PBXBuildFile; fileRef = FA014EA02A6EC5AE00043553 /* SettingsViewController.swift */; };
		FA014EA42A6EC5AE00043553 /* SettingsCollectionViewCell.swift in Sources */ = {isa = PBXBuildFile; fileRef = FA014EA12A6EC5AE00043553 /* SettingsCollectionViewCell.swift */; };
		FA014EA82A6EC5D200043553 /* TermsPolicy.swift in Sources */ = {isa = PBXBuildFile; fileRef = FA014EA62A6EC5D100043553 /* TermsPolicy.swift */; };
		FA014EA92A6EC5D200043553 /* Settings.swift in Sources */ = {isa = PBXBuildFile; fileRef = FA014EA72A6EC5D200043553 /* Settings.swift */; };
		FA014EAC2A6EC93600043553 /* SavedEventsViewController.swift in Sources */ = {isa = PBXBuildFile; fileRef = FA014EAB2A6EC93600043553 /* SavedEventsViewController.swift */; };
		FA639CDD2A6EDAFF00432728 /* MainViewController.swift in Sources */ = {isa = PBXBuildFile; fileRef = FA639CDC2A6EDAFF00432728 /* MainViewController.swift */; };
		FA639CDF2A6EDB1400432728 /* MainView.swift in Sources */ = {isa = PBXBuildFile; fileRef = FA639CDE2A6EDB1400432728 /* MainView.swift */; };
		FA639CE42A6EDCC300432728 /* FixtureView.swift in Sources */ = {isa = PBXBuildFile; fileRef = FA639CE12A6EDCC300432728 /* FixtureView.swift */; };
		FA639CE52A6EDCC300432728 /* DateCollectionViewCell.swift in Sources */ = {isa = PBXBuildFile; fileRef = FA639CE22A6EDCC300432728 /* DateCollectionViewCell.swift */; };
		FA639CE62A6EDCC300432728 /* TeamView.swift in Sources */ = {isa = PBXBuildFile; fileRef = FA639CE32A6EDCC300432728 /* TeamView.swift */; };
		FA668AFC2A6F9895000C84B5 /* FixtureCollectionViewCell.swift in Sources */ = {isa = PBXBuildFile; fileRef = FA668AFB2A6F9895000C84B5 /* FixtureCollectionViewCell.swift */; };
		FA668B002A6FA38D000C84B5 /* DetailEventView.swift in Sources */ = {isa = PBXBuildFile; fileRef = FA668AFF2A6FA38D000C84B5 /* DetailEventView.swift */; };
		FA668B032A6FA3B8000C84B5 /* DetailEventViewController.swift in Sources */ = {isa = PBXBuildFile; fileRef = FA668B022A6FA3B8000C84B5 /* DetailEventViewController.swift */; };
		FA668B052A6FA6D2000C84B5 /* EventTitleCollectionViewCell.swift in Sources */ = {isa = PBXBuildFile; fileRef = FA668B042A6FA6D2000C84B5 /* EventTitleCollectionViewCell.swift */; };
		FA668B072A6FA8B2000C84B5 /* DetailEventViewModel.swift in Sources */ = {isa = PBXBuildFile; fileRef = FA668B062A6FA8B2000C84B5 /* DetailEventViewModel.swift */; };
		FA668B092A6FAAB8000C84B5 /* LabelsStackView.swift in Sources */ = {isa = PBXBuildFile; fileRef = FA668B082A6FAAB8000C84B5 /* LabelsStackView.swift */; };
		FAA528062A6EA53B005F95B1 /* AppDelegate.swift in Sources */ = {isa = PBXBuildFile; fileRef = FAA528052A6EA53B005F95B1 /* AppDelegate.swift */; };
		FAA528082A6EA53B005F95B1 /* SceneDelegate.swift in Sources */ = {isa = PBXBuildFile; fileRef = FAA528072A6EA53B005F95B1 /* SceneDelegate.swift */; };
		FAA5280F2A6EA53D005F95B1 /* Assets.xcassets in Resources */ = {isa = PBXBuildFile; fileRef = FAA5280E2A6EA53D005F95B1 /* Assets.xcassets */; };
		FAA528122A6EA53D005F95B1 /* LaunchScreen.storyboard in Resources */ = {isa = PBXBuildFile; fileRef = FAA528102A6EA53D005F95B1 /* LaunchScreen.storyboard */; };
		FAA528242A6EA67B005F95B1 /* MainCoordinator.swift in Sources */ = {isa = PBXBuildFile; fileRef = FAA5281E2A6EA67B005F95B1 /* MainCoordinator.swift */; };
		FAA528252A6EA67B005F95B1 /* Coordinator.swift in Sources */ = {isa = PBXBuildFile; fileRef = FAA5281F2A6EA67B005F95B1 /* Coordinator.swift */; };
		FAA528262A6EA67B005F95B1 /* SavingService.swift in Sources */ = {isa = PBXBuildFile; fileRef = FAA528212A6EA67B005F95B1 /* SavingService.swift */; };
		FAA528272A6EA67B005F95B1 /* SaveManager.swift in Sources */ = {isa = PBXBuildFile; fileRef = FAA528222A6EA67B005F95B1 /* SaveManager.swift */; };
		FAA528282A6EA67B005F95B1 /* Observable.swift in Sources */ = {isa = PBXBuildFile; fileRef = FAA528232A6EA67B005F95B1 /* Observable.swift */; };
		FAA5282A2A6EA787005F95B1 /* LoaderViewController.swift in Sources */ = {isa = PBXBuildFile; fileRef = FAA528292A6EA787005F95B1 /* LoaderViewController.swift */; };
		FAA5282C2A6EA7F4005F95B1 /* LoaderView.swift in Sources */ = {isa = PBXBuildFile; fileRef = FAA5282B2A6EA7F4005F95B1 /* LoaderView.swift */; };
		FAA5282E2A6EA819005F95B1 /* Extentions+UIKIt.swift in Sources */ = {isa = PBXBuildFile; fileRef = FAA5282D2A6EA819005F95B1 /* Extentions+UIKIt.swift */; };
/* End PBXBuildFile section */

/* Begin PBXFileReference section */
		FA014E962A6EB75600043553 /* OnboardingView.swift */ = {isa = PBXFileReference; fileEncoding = 4; lastKnownFileType = sourcecode.swift; path = OnboardingView.swift; sourceTree = "<group>"; };
		FA014E972A6EB75600043553 /* OnboardingCollectionViewCell.swift */ = {isa = PBXFileReference; fileEncoding = 4; lastKnownFileType = sourcecode.swift; path = OnboardingCollectionViewCell.swift; sourceTree = "<group>"; };
		FA014E982A6EB75600043553 /* OnboardingViewModel.swift */ = {isa = PBXFileReference; fileEncoding = 4; lastKnownFileType = sourcecode.swift; path = OnboardingViewModel.swift; sourceTree = "<group>"; };
		FA014E9C2A6EB76200043553 /* OnboardingViewController.swift */ = {isa = PBXFileReference; fileEncoding = 4; lastKnownFileType = sourcecode.swift; path = OnboardingViewController.swift; sourceTree = "<group>"; };
		FA014E9F2A6EC5AE00043553 /* TermsViewController.swift */ = {isa = PBXFileReference; fileEncoding = 4; lastKnownFileType = sourcecode.swift; path = TermsViewController.swift; sourceTree = "<group>"; };
		FA014EA02A6EC5AE00043553 /* SettingsViewController.swift */ = {isa = PBXFileReference; fileEncoding = 4; lastKnownFileType = sourcecode.swift; path = SettingsViewController.swift; sourceTree = "<group>"; };
		FA014EA12A6EC5AE00043553 /* SettingsCollectionViewCell.swift */ = {isa = PBXFileReference; fileEncoding = 4; lastKnownFileType = sourcecode.swift; path = SettingsCollectionViewCell.swift; sourceTree = "<group>"; };
		FA014EA62A6EC5D100043553 /* TermsPolicy.swift */ = {isa = PBXFileReference; fileEncoding = 4; lastKnownFileType = sourcecode.swift; path = TermsPolicy.swift; sourceTree = "<group>"; };
		FA014EA72A6EC5D200043553 /* Settings.swift */ = {isa = PBXFileReference; fileEncoding = 4; lastKnownFileType = sourcecode.swift; path = Settings.swift; sourceTree = "<group>"; };
		FA014EAB2A6EC93600043553 /* SavedEventsViewController.swift */ = {isa = PBXFileReference; lastKnownFileType = sourcecode.swift; path = SavedEventsViewController.swift; sourceTree = "<group>"; };
		FA639CDC2A6EDAFF00432728 /* MainViewController.swift */ = {isa = PBXFileReference; lastKnownFileType = sourcecode.swift; path = MainViewController.swift; sourceTree = "<group>"; };
		FA639CDE2A6EDB1400432728 /* MainView.swift */ = {isa = PBXFileReference; lastKnownFileType = sourcecode.swift; path = MainView.swift; sourceTree = "<group>"; };
		FA639CE12A6EDCC300432728 /* FixtureView.swift */ = {isa = PBXFileReference; fileEncoding = 4; lastKnownFileType = sourcecode.swift; path = FixtureView.swift; sourceTree = "<group>"; };
		FA639CE22A6EDCC300432728 /* DateCollectionViewCell.swift */ = {isa = PBXFileReference; fileEncoding = 4; lastKnownFileType = sourcecode.swift; path = DateCollectionViewCell.swift; sourceTree = "<group>"; };
		FA639CE32A6EDCC300432728 /* TeamView.swift */ = {isa = PBXFileReference; fileEncoding = 4; lastKnownFileType = sourcecode.swift; path = TeamView.swift; sourceTree = "<group>"; };
		FA668AFB2A6F9895000C84B5 /* FixtureCollectionViewCell.swift */ = {isa = PBXFileReference; lastKnownFileType = sourcecode.swift; path = FixtureCollectionViewCell.swift; sourceTree = "<group>"; };
		FA668AFF2A6FA38D000C84B5 /* DetailEventView.swift */ = {isa = PBXFileReference; lastKnownFileType = sourcecode.swift; path = DetailEventView.swift; sourceTree = "<group>"; };
		FA668B022A6FA3B8000C84B5 /* DetailEventViewController.swift */ = {isa = PBXFileReference; lastKnownFileType = sourcecode.swift; path = DetailEventViewController.swift; sourceTree = "<group>"; };
		FA668B042A6FA6D2000C84B5 /* EventTitleCollectionViewCell.swift */ = {isa = PBXFileReference; lastKnownFileType = sourcecode.swift; path = EventTitleCollectionViewCell.swift; sourceTree = "<group>"; };
		FA668B062A6FA8B2000C84B5 /* DetailEventViewModel.swift */ = {isa = PBXFileReference; lastKnownFileType = sourcecode.swift; path = DetailEventViewModel.swift; sourceTree = "<group>"; };
		FA668B082A6FAAB8000C84B5 /* LabelsStackView.swift */ = {isa = PBXFileReference; lastKnownFileType = sourcecode.swift; path = LabelsStackView.swift; sourceTree = "<group>"; };
		FAA528022A6EA53B005F95B1 /* 365WorldWide.app */ = {isa = PBXFileReference; explicitFileType = wrapper.application; includeInIndex = 0; path = 365WorldWide.app; sourceTree = BUILT_PRODUCTS_DIR; };
		FAA528052A6EA53B005F95B1 /* AppDelegate.swift */ = {isa = PBXFileReference; lastKnownFileType = sourcecode.swift; path = AppDelegate.swift; sourceTree = "<group>"; };
		FAA528072A6EA53B005F95B1 /* SceneDelegate.swift */ = {isa = PBXFileReference; lastKnownFileType = sourcecode.swift; path = SceneDelegate.swift; sourceTree = "<group>"; };
		FAA5280E2A6EA53D005F95B1 /* Assets.xcassets */ = {isa = PBXFileReference; lastKnownFileType = folder.assetcatalog; path = Assets.xcassets; sourceTree = "<group>"; };
		FAA528112A6EA53D005F95B1 /* Base */ = {isa = PBXFileReference; lastKnownFileType = file.storyboard; name = Base; path = Base.lproj/LaunchScreen.storyboard; sourceTree = "<group>"; };
		FAA528132A6EA53D005F95B1 /* Info.plist */ = {isa = PBXFileReference; lastKnownFileType = text.plist.xml; path = Info.plist; sourceTree = "<group>"; };
		FAA5281E2A6EA67B005F95B1 /* MainCoordinator.swift */ = {isa = PBXFileReference; fileEncoding = 4; lastKnownFileType = sourcecode.swift; path = MainCoordinator.swift; sourceTree = "<group>"; };
		FAA5281F2A6EA67B005F95B1 /* Coordinator.swift */ = {isa = PBXFileReference; fileEncoding = 4; lastKnownFileType = sourcecode.swift; path = Coordinator.swift; sourceTree = "<group>"; };
		FAA528212A6EA67B005F95B1 /* SavingService.swift */ = {isa = PBXFileReference; fileEncoding = 4; lastKnownFileType = sourcecode.swift; path = SavingService.swift; sourceTree = "<group>"; };
		FAA528222A6EA67B005F95B1 /* SaveManager.swift */ = {isa = PBXFileReference; fileEncoding = 4; lastKnownFileType = sourcecode.swift; path = SaveManager.swift; sourceTree = "<group>"; };
		FAA528232A6EA67B005F95B1 /* Observable.swift */ = {isa = PBXFileReference; fileEncoding = 4; lastKnownFileType = sourcecode.swift; path = Observable.swift; sourceTree = "<group>"; };
		FAA528292A6EA787005F95B1 /* LoaderViewController.swift */ = {isa = PBXFileReference; lastKnownFileType = sourcecode.swift; path = LoaderViewController.swift; sourceTree = "<group>"; };
		FAA5282B2A6EA7F4005F95B1 /* LoaderView.swift */ = {isa = PBXFileReference; lastKnownFileType = sourcecode.swift; path = LoaderView.swift; sourceTree = "<group>"; };
		FAA5282D2A6EA819005F95B1 /* Extentions+UIKIt.swift */ = {isa = PBXFileReference; lastKnownFileType = sourcecode.swift; path = "Extentions+UIKIt.swift"; sourceTree = "<group>"; };
/* End PBXFileReference section */

/* Begin PBXFrameworksBuildPhase section */
		FAA527FF2A6EA53B005F95B1 /* Frameworks */ = {
			isa = PBXFrameworksBuildPhase;
			buildActionMask = 2147483647;
			files = (
			);
			runOnlyForDeploymentPostprocessing = 0;
		};
/* End PBXFrameworksBuildPhase section */

/* Begin PBXGroup section */
		FA014E932A6EAE9500043553 /* OnboardingScreen */ = {
			isa = PBXGroup;
			children = (
				FA014E972A6EB75600043553 /* OnboardingCollectionViewCell.swift */,
				FA014E9C2A6EB76200043553 /* OnboardingViewController.swift */,
				FA014E962A6EB75600043553 /* OnboardingView.swift */,
				FA014E982A6EB75600043553 /* OnboardingViewModel.swift */,
			);
			path = OnboardingScreen;
			sourceTree = "<group>";
		};
		FA014E9E2A6EC56E00043553 /* SettingsScreen */ = {
			isa = PBXGroup;
			children = (
				FA014EA12A6EC5AE00043553 /* SettingsCollectionViewCell.swift */,
				FA014EA02A6EC5AE00043553 /* SettingsViewController.swift */,
				FA014E9F2A6EC5AE00043553 /* TermsViewController.swift */,
			);
			path = SettingsScreen;
			sourceTree = "<group>";
		};
		FA014EA52A6EC5C400043553 /* Model */ = {
			isa = PBXGroup;
			children = (
				FA014EA72A6EC5D200043553 /* Settings.swift */,
				FA014EA62A6EC5D100043553 /* TermsPolicy.swift */,
			);
			path = Model;
			sourceTree = "<group>";
		};
		FA014EAA2A6EC91F00043553 /* SavedEventsScreen */ = {
			isa = PBXGroup;
			children = (
				FA014EAB2A6EC93600043553 /* SavedEventsViewController.swift */,
			);
			path = SavedEventsScreen;
			sourceTree = "<group>";
		};
		FA639CDB2A6EDAED00432728 /* MainScreen */ = {
			isa = PBXGroup;
			children = (
				FA639CDC2A6EDAFF00432728 /* MainViewController.swift */,
				FA639CDE2A6EDB1400432728 /* MainView.swift */,
				FA639CE22A6EDCC300432728 /* DateCollectionViewCell.swift */,
				FA668AFB2A6F9895000C84B5 /* FixtureCollectionViewCell.swift */,
			);
			path = MainScreen;
			sourceTree = "<group>";
		};
		FA639CE02A6EDBCF00432728 /* GeneralViews */ = {
			isa = PBXGroup;
			children = (
				FA639CE12A6EDCC300432728 /* FixtureView.swift */,
				FA639CE32A6EDCC300432728 /* TeamView.swift */,
			);
			path = GeneralViews;
			sourceTree = "<group>";
		};
		FA668B012A6FA39A000C84B5 /* DetailEventScreen */ = {
			isa = PBXGroup;
			children = (
				FA668AFF2A6FA38D000C84B5 /* DetailEventView.swift */,
				FA668B022A6FA3B8000C84B5 /* DetailEventViewController.swift */,
				FA668B042A6FA6D2000C84B5 /* EventTitleCollectionViewCell.swift */,
				FA668B062A6FA8B2000C84B5 /* DetailEventViewModel.swift */,
				FA668B082A6FAAB8000C84B5 /* LabelsStackView.swift */,
			);
			path = DetailEventScreen;
			sourceTree = "<group>";
		};
		FAA527F92A6EA53B005F95B1 = {
			isa = PBXGroup;
			children = (
				FAA528042A6EA53B005F95B1 /* 365WorldWide */,
				FAA528032A6EA53B005F95B1 /* Products */,
			);
			sourceTree = "<group>";
		};
		FAA528032A6EA53B005F95B1 /* Products */ = {
			isa = PBXGroup;
			children = (
				FAA528022A6EA53B005F95B1 /* 365WorldWide.app */,
			);
			name = Products;
			sourceTree = "<group>";
		};
		FAA528042A6EA53B005F95B1 /* 365WorldWide */ = {
			isa = PBXGroup;
			children = (
				FA639CE02A6EDBCF00432728 /* GeneralViews */,
				FA014EA52A6EC5C400043553 /* Model */,
				FAA5281C2A6EA5BF005F95B1 /* Extentions */,
				FAA5281B2A6EA5B5005F95B1 /* Services */,
				FAA528192A6EA573005F95B1 /* Screens */,
				FAA528052A6EA53B005F95B1 /* AppDelegate.swift */,
				FAA528072A6EA53B005F95B1 /* SceneDelegate.swift */,
				FAA5280E2A6EA53D005F95B1 /* Assets.xcassets */,
				FAA528102A6EA53D005F95B1 /* LaunchScreen.storyboard */,
				FAA528132A6EA53D005F95B1 /* Info.plist */,
			);
			path = 365WorldWide;
			sourceTree = "<group>";
		};
		FAA528192A6EA573005F95B1 /* Screens */ = {
			isa = PBXGroup;
			children = (
				FA668B012A6FA39A000C84B5 /* DetailEventScreen */,
				FA639CDB2A6EDAED00432728 /* MainScreen */,
				FA014EAA2A6EC91F00043553 /* SavedEventsScreen */,
				FA014E9E2A6EC56E00043553 /* SettingsScreen */,
				FA014E932A6EAE9500043553 /* OnboardingScreen */,
				FAA5281A2A6EA5AC005F95B1 /* LoaderScreen */,
			);
			path = Screens;
			sourceTree = "<group>";
		};
		FAA5281A2A6EA5AC005F95B1 /* LoaderScreen */ = {
			isa = PBXGroup;
			children = (
				FAA528292A6EA787005F95B1 /* LoaderViewController.swift */,
				FAA5282B2A6EA7F4005F95B1 /* LoaderView.swift */,
			);
			path = LoaderScreen;
			sourceTree = "<group>";
		};
		FAA5281B2A6EA5B5005F95B1 /* Services */ = {
			isa = PBXGroup;
			children = (
				FAA5281D2A6EA67B005F95B1 /* Coordinator */,
				FAA528232A6EA67B005F95B1 /* Observable.swift */,
				FAA528202A6EA67B005F95B1 /* SavingService */,
			);
			path = Services;
			sourceTree = "<group>";
		};
		FAA5281C2A6EA5BF005F95B1 /* Extentions */ = {
			isa = PBXGroup;
			children = (
				FAA5282D2A6EA819005F95B1 /* Extentions+UIKIt.swift */,
			);
			path = Extentions;
			sourceTree = "<group>";
		};
		FAA5281D2A6EA67B005F95B1 /* Coordinator */ = {
			isa = PBXGroup;
			children = (
				FAA5281E2A6EA67B005F95B1 /* MainCoordinator.swift */,
				FAA5281F2A6EA67B005F95B1 /* Coordinator.swift */,
			);
			path = Coordinator;
			sourceTree = "<group>";
		};
		FAA528202A6EA67B005F95B1 /* SavingService */ = {
			isa = PBXGroup;
			children = (
				FAA528212A6EA67B005F95B1 /* SavingService.swift */,
				FAA528222A6EA67B005F95B1 /* SaveManager.swift */,
			);
			path = SavingService;
			sourceTree = "<group>";
		};
/* End PBXGroup section */

/* Begin PBXNativeTarget section */
		FAA528012A6EA53B005F95B1 /* 365WorldWide */ = {
			isa = PBXNativeTarget;
			buildConfigurationList = FAA528162A6EA53D005F95B1 /* Build configuration list for PBXNativeTarget "365WorldWide" */;
			buildPhases = (
				FAA527FE2A6EA53B005F95B1 /* Sources */,
				FAA527FF2A6EA53B005F95B1 /* Frameworks */,
				FAA528002A6EA53B005F95B1 /* Resources */,
			);
			buildRules = (
			);
			dependencies = (
			);
			name = 365WorldWide;
			productName = 365WorldWide;
			productReference = FAA528022A6EA53B005F95B1 /* 365WorldWide.app */;
			productType = "com.apple.product-type.application";
		};
/* End PBXNativeTarget section */

/* Begin PBXProject section */
		FAA527FA2A6EA53B005F95B1 /* Project object */ = {
			isa = PBXProject;
			attributes = {
				BuildIndependentTargetsInParallel = 1;
				LastSwiftUpdateCheck = 1420;
				LastUpgradeCheck = 1420;
				TargetAttributes = {
					FAA528012A6EA53B005F95B1 = {
						CreatedOnToolsVersion = 14.2;
					};
				};
			};
			buildConfigurationList = FAA527FD2A6EA53B005F95B1 /* Build configuration list for PBXProject "365WorldWide" */;
			compatibilityVersion = "Xcode 14.0";
			developmentRegion = en;
			hasScannedForEncodings = 0;
			knownRegions = (
				en,
				Base,
			);
			mainGroup = FAA527F92A6EA53B005F95B1;
			productRefGroup = FAA528032A6EA53B005F95B1 /* Products */;
			projectDirPath = "";
			projectRoot = "";
			targets = (
				FAA528012A6EA53B005F95B1 /* 365WorldWide */,
			);
		};
/* End PBXProject section */

/* Begin PBXResourcesBuildPhase section */
		FAA528002A6EA53B005F95B1 /* Resources */ = {
			isa = PBXResourcesBuildPhase;
			buildActionMask = 2147483647;
			files = (
				FAA528122A6EA53D005F95B1 /* LaunchScreen.storyboard in Resources */,
				FAA5280F2A6EA53D005F95B1 /* Assets.xcassets in Resources */,
			);
			runOnlyForDeploymentPostprocessing = 0;
		};
/* End PBXResourcesBuildPhase section */

/* Begin PBXSourcesBuildPhase section */
		FAA527FE2A6EA53B005F95B1 /* Sources */ = {
			isa = PBXSourcesBuildPhase;
			buildActionMask = 2147483647;
			files = (
				FA639CDD2A6EDAFF00432728 /* MainViewController.swift in Sources */,
				FA014EA42A6EC5AE00043553 /* SettingsCollectionViewCell.swift in Sources */,
				FA014E9A2A6EB75600043553 /* OnboardingCollectionViewCell.swift in Sources */,
				FAA528252A6EA67B005F95B1 /* Coordinator.swift in Sources */,
				FAA528262A6EA67B005F95B1 /* SavingService.swift in Sources */,
				FA668AFC2A6F9895000C84B5 /* FixtureCollectionViewCell.swift in Sources */,
				FAA528062A6EA53B005F95B1 /* AppDelegate.swift in Sources */,
				FA668B052A6FA6D2000C84B5 /* EventTitleCollectionViewCell.swift in Sources */,
				FA639CE42A6EDCC300432728 /* FixtureView.swift in Sources */,
				FA014EA82A6EC5D200043553 /* TermsPolicy.swift in Sources */,
				FA639CDF2A6EDB1400432728 /* MainView.swift in Sources */,
				FA668B032A6FA3B8000C84B5 /* DetailEventViewController.swift in Sources */,
				FA668B072A6FA8B2000C84B5 /* DetailEventViewModel.swift in Sources */,
				FA014EA22A6EC5AE00043553 /* TermsViewController.swift in Sources */,
				FAA5282A2A6EA787005F95B1 /* LoaderViewController.swift in Sources */,
				FA014E9B2A6EB75600043553 /* OnboardingViewModel.swift in Sources */,
				FA014EAC2A6EC93600043553 /* SavedEventsViewController.swift in Sources */,
				FA014EA32A6EC5AE00043553 /* SettingsViewController.swift in Sources */,
				FAA528282A6EA67B005F95B1 /* Observable.swift in Sources */,
				FAA528242A6EA67B005F95B1 /* MainCoordinator.swift in Sources */,
				FA668B092A6FAAB8000C84B5 /* LabelsStackView.swift in Sources */,
				FAA528272A6EA67B005F95B1 /* SaveManager.swift in Sources */,
				FA639CE62A6EDCC300432728 /* TeamView.swift in Sources */,
				FA668B002A6FA38D000C84B5 /* DetailEventView.swift in Sources */,
				FAA5282E2A6EA819005F95B1 /* Extentions+UIKIt.swift in Sources */,
				FAA528082A6EA53B005F95B1 /* SceneDelegate.swift in Sources */,
				FA014E9D2A6EB76200043553 /* OnboardingViewController.swift in Sources */,
				FA014E992A6EB75600043553 /* OnboardingView.swift in Sources */,
				FAA5282C2A6EA7F4005F95B1 /* LoaderView.swift in Sources */,
				FA639CE52A6EDCC300432728 /* DateCollectionViewCell.swift in Sources */,
				FA014EA92A6EC5D200043553 /* Settings.swift in Sources */,
			);
			runOnlyForDeploymentPostprocessing = 0;
		};
/* End PBXSourcesBuildPhase section */

/* Begin PBXVariantGroup section */
		FAA528102A6EA53D005F95B1 /* LaunchScreen.storyboard */ = {
			isa = PBXVariantGroup;
			children = (
				FAA528112A6EA53D005F95B1 /* Base */,
			);
			name = LaunchScreen.storyboard;
			sourceTree = "<group>";
		};
/* End PBXVariantGroup section */

/* Begin XCBuildConfiguration section */
		FAA528142A6EA53D005F95B1 /* Debug */ = {
			isa = XCBuildConfiguration;
			buildSettings = {
				ALWAYS_SEARCH_USER_PATHS = NO;
				CLANG_ANALYZER_NONNULL = YES;
				CLANG_ANALYZER_NUMBER_OBJECT_CONVERSION = YES_AGGRESSIVE;
				CLANG_CXX_LANGUAGE_STANDARD = "gnu++20";
				CLANG_ENABLE_MODULES = YES;
				CLANG_ENABLE_OBJC_ARC = YES;
				CLANG_ENABLE_OBJC_WEAK = YES;
				CLANG_WARN_BLOCK_CAPTURE_AUTORELEASING = YES;
				CLANG_WARN_BOOL_CONVERSION = YES;
				CLANG_WARN_COMMA = YES;
				CLANG_WARN_CONSTANT_CONVERSION = YES;
				CLANG_WARN_DEPRECATED_OBJC_IMPLEMENTATIONS = YES;
				CLANG_WARN_DIRECT_OBJC_ISA_USAGE = YES_ERROR;
				CLANG_WARN_DOCUMENTATION_COMMENTS = YES;
				CLANG_WARN_EMPTY_BODY = YES;
				CLANG_WARN_ENUM_CONVERSION = YES;
				CLANG_WARN_INFINITE_RECURSION = YES;
				CLANG_WARN_INT_CONVERSION = YES;
				CLANG_WARN_NON_LITERAL_NULL_CONVERSION = YES;
				CLANG_WARN_OBJC_IMPLICIT_RETAIN_SELF = YES;
				CLANG_WARN_OBJC_LITERAL_CONVERSION = YES;
				CLANG_WARN_OBJC_ROOT_CLASS = YES_ERROR;
				CLANG_WARN_QUOTED_INCLUDE_IN_FRAMEWORK_HEADER = YES;
				CLANG_WARN_RANGE_LOOP_ANALYSIS = YES;
				CLANG_WARN_STRICT_PROTOTYPES = YES;
				CLANG_WARN_SUSPICIOUS_MOVE = YES;
				CLANG_WARN_UNGUARDED_AVAILABILITY = YES_AGGRESSIVE;
				CLANG_WARN_UNREACHABLE_CODE = YES;
				CLANG_WARN__DUPLICATE_METHOD_MATCH = YES;
				COPY_PHASE_STRIP = NO;
				DEBUG_INFORMATION_FORMAT = dwarf;
				ENABLE_STRICT_OBJC_MSGSEND = YES;
				ENABLE_TESTABILITY = YES;
				GCC_C_LANGUAGE_STANDARD = gnu11;
				GCC_DYNAMIC_NO_PIC = NO;
				GCC_NO_COMMON_BLOCKS = YES;
				GCC_OPTIMIZATION_LEVEL = 0;
				GCC_PREPROCESSOR_DEFINITIONS = (
					"DEBUG=1",
					"$(inherited)",
				);
				GCC_WARN_64_TO_32_BIT_CONVERSION = YES;
				GCC_WARN_ABOUT_RETURN_TYPE = YES_ERROR;
				GCC_WARN_UNDECLARED_SELECTOR = YES;
				GCC_WARN_UNINITIALIZED_AUTOS = YES_AGGRESSIVE;
				GCC_WARN_UNUSED_FUNCTION = YES;
				GCC_WARN_UNUSED_VARIABLE = YES;
				IPHONEOS_DEPLOYMENT_TARGET = 16.2;
				MTL_ENABLE_DEBUG_INFO = INCLUDE_SOURCE;
				MTL_FAST_MATH = YES;
				ONLY_ACTIVE_ARCH = YES;
				SDKROOT = iphoneos;
				SWIFT_ACTIVE_COMPILATION_CONDITIONS = DEBUG;
				SWIFT_OPTIMIZATION_LEVEL = "-Onone";
			};
			name = Debug;
		};
		FAA528152A6EA53D005F95B1 /* Release */ = {
			isa = XCBuildConfiguration;
			buildSettings = {
				ALWAYS_SEARCH_USER_PATHS = NO;
				CLANG_ANALYZER_NONNULL = YES;
				CLANG_ANALYZER_NUMBER_OBJECT_CONVERSION = YES_AGGRESSIVE;
				CLANG_CXX_LANGUAGE_STANDARD = "gnu++20";
				CLANG_ENABLE_MODULES = YES;
				CLANG_ENABLE_OBJC_ARC = YES;
				CLANG_ENABLE_OBJC_WEAK = YES;
				CLANG_WARN_BLOCK_CAPTURE_AUTORELEASING = YES;
				CLANG_WARN_BOOL_CONVERSION = YES;
				CLANG_WARN_COMMA = YES;
				CLANG_WARN_CONSTANT_CONVERSION = YES;
				CLANG_WARN_DEPRECATED_OBJC_IMPLEMENTATIONS = YES;
				CLANG_WARN_DIRECT_OBJC_ISA_USAGE = YES_ERROR;
				CLANG_WARN_DOCUMENTATION_COMMENTS = YES;
				CLANG_WARN_EMPTY_BODY = YES;
				CLANG_WARN_ENUM_CONVERSION = YES;
				CLANG_WARN_INFINITE_RECURSION = YES;
				CLANG_WARN_INT_CONVERSION = YES;
				CLANG_WARN_NON_LITERAL_NULL_CONVERSION = YES;
				CLANG_WARN_OBJC_IMPLICIT_RETAIN_SELF = YES;
				CLANG_WARN_OBJC_LITERAL_CONVERSION = YES;
				CLANG_WARN_OBJC_ROOT_CLASS = YES_ERROR;
				CLANG_WARN_QUOTED_INCLUDE_IN_FRAMEWORK_HEADER = YES;
				CLANG_WARN_RANGE_LOOP_ANALYSIS = YES;
				CLANG_WARN_STRICT_PROTOTYPES = YES;
				CLANG_WARN_SUSPICIOUS_MOVE = YES;
				CLANG_WARN_UNGUARDED_AVAILABILITY = YES_AGGRESSIVE;
				CLANG_WARN_UNREACHABLE_CODE = YES;
				CLANG_WARN__DUPLICATE_METHOD_MATCH = YES;
				COPY_PHASE_STRIP = NO;
				DEBUG_INFORMATION_FORMAT = "dwarf-with-dsym";
				ENABLE_NS_ASSERTIONS = NO;
				ENABLE_STRICT_OBJC_MSGSEND = YES;
				GCC_C_LANGUAGE_STANDARD = gnu11;
				GCC_NO_COMMON_BLOCKS = YES;
				GCC_WARN_64_TO_32_BIT_CONVERSION = YES;
				GCC_WARN_ABOUT_RETURN_TYPE = YES_ERROR;
				GCC_WARN_UNDECLARED_SELECTOR = YES;
				GCC_WARN_UNINITIALIZED_AUTOS = YES_AGGRESSIVE;
				GCC_WARN_UNUSED_FUNCTION = YES;
				GCC_WARN_UNUSED_VARIABLE = YES;
				IPHONEOS_DEPLOYMENT_TARGET = 16.2;
				MTL_ENABLE_DEBUG_INFO = NO;
				MTL_FAST_MATH = YES;
				SDKROOT = iphoneos;
				SWIFT_COMPILATION_MODE = wholemodule;
				SWIFT_OPTIMIZATION_LEVEL = "-O";
				VALIDATE_PRODUCT = YES;
			};
			name = Release;
		};
		FAA528172A6EA53D005F95B1 /* Debug */ = {
			isa = XCBuildConfiguration;
			buildSettings = {
				ASSETCATALOG_COMPILER_APPICON_NAME = AppIcon;
				ASSETCATALOG_COMPILER_GLOBAL_ACCENT_COLOR_NAME = AccentColor;
				CODE_SIGN_STYLE = Automatic;
				CURRENT_PROJECT_VERSION = 1;
				DEVELOPMENT_TEAM = 43WY7YM2KD;
				GENERATE_INFOPLIST_FILE = YES;
				INFOPLIST_FILE = 365WorldWide/Info.plist;
				INFOPLIST_KEY_UIApplicationSupportsIndirectInputEvents = YES;
				INFOPLIST_KEY_UILaunchStoryboardName = LaunchScreen;
				INFOPLIST_KEY_UISupportedInterfaceOrientations = UIInterfaceOrientationPortrait;
				INFOPLIST_KEY_UISupportedInterfaceOrientations_iPad = "UIInterfaceOrientationLandscapeLeft UIInterfaceOrientationLandscapeRight UIInterfaceOrientationPortrait UIInterfaceOrientationPortraitUpsideDown";
				IPHONEOS_DEPLOYMENT_TARGET = 14.5;
				LD_RUNPATH_SEARCH_PATHS = (
					"$(inherited)",
					"@executable_path/Frameworks",
				);
				MARKETING_VERSION = 1.0;
				PRODUCT_BUNDLE_IDENTIFIER = "com.app.-65WorldWide";
				PRODUCT_NAME = "$(TARGET_NAME)";
				SUPPORTED_PLATFORMS = "iphoneos iphonesimulator";
				SUPPORTS_MACCATALYST = NO;
				SUPPORTS_MAC_DESIGNED_FOR_IPHONE_IPAD = NO;
				SWIFT_EMIT_LOC_STRINGS = YES;
				SWIFT_VERSION = 5.0;
				TARGETED_DEVICE_FAMILY = 1;
			};
			name = Debug;
		};
		FAA528182A6EA53D005F95B1 /* Release */ = {
			isa = XCBuildConfiguration;
			buildSettings = {
				ASSETCATALOG_COMPILER_APPICON_NAME = AppIcon;
				ASSETCATALOG_COMPILER_GLOBAL_ACCENT_COLOR_NAME = AccentColor;
				CODE_SIGN_STYLE = Automatic;
				CURRENT_PROJECT_VERSION = 1;
				DEVELOPMENT_TEAM = 43WY7YM2KD;
				GENERATE_INFOPLIST_FILE = YES;
				INFOPLIST_FILE = 365WorldWide/Info.plist;
				INFOPLIST_KEY_UIApplicationSupportsIndirectInputEvents = YES;
				INFOPLIST_KEY_UILaunchStoryboardName = LaunchScreen;
				INFOPLIST_KEY_UISupportedInterfaceOrientations = UIInterfaceOrientationPortrait;
				INFOPLIST_KEY_UISupportedInterfaceOrientations_iPad = "UIInterfaceOrientationLandscapeLeft UIInterfaceOrientationLandscapeRight UIInterfaceOrientationPortrait UIInterfaceOrientationPortraitUpsideDown";
				IPHONEOS_DEPLOYMENT_TARGET = 14.5;
				LD_RUNPATH_SEARCH_PATHS = (
					"$(inherited)",
					"@executable_path/Frameworks",
				);
				MARKETING_VERSION = 1.0;
				PRODUCT_BUNDLE_IDENTIFIER = "com.app.-65WorldWide";
				PRODUCT_NAME = "$(TARGET_NAME)";
				SUPPORTED_PLATFORMS = "iphoneos iphonesimulator";
				SUPPORTS_MACCATALYST = NO;
				SUPPORTS_MAC_DESIGNED_FOR_IPHONE_IPAD = NO;
				SWIFT_EMIT_LOC_STRINGS = YES;
				SWIFT_VERSION = 5.0;
				TARGETED_DEVICE_FAMILY = 1;
			};
			name = Release;
		};
/* End XCBuildConfiguration section */

/* Begin XCConfigurationList section */
		FAA527FD2A6EA53B005F95B1 /* Build configuration list for PBXProject "365WorldWide" */ = {
			isa = XCConfigurationList;
			buildConfigurations = (
				FAA528142A6EA53D005F95B1 /* Debug */,
				FAA528152A6EA53D005F95B1 /* Release */,
			);
			defaultConfigurationIsVisible = 0;
			defaultConfigurationName = Release;
		};
		FAA528162A6EA53D005F95B1 /* Build configuration list for PBXNativeTarget "365WorldWide" */ = {
			isa = XCConfigurationList;
			buildConfigurations = (
				FAA528172A6EA53D005F95B1 /* Debug */,
				FAA528182A6EA53D005F95B1 /* Release */,
			);
			defaultConfigurationIsVisible = 0;
			defaultConfigurationName = Release;
		};
/* End XCConfigurationList section */
	};
	rootObject = FAA527FA2A6EA53B005F95B1 /* Project object */;
}
