// !$*UTF8*$!
{
	archiveVersion = 1;
	classes = {
	};
	objectVersion = 56;
	objects = {

/* Begin PBXBuildFile section */
		FA014E992A6EB75600043553 /* OnboardingView.swift in Sources */ = {isa = PBXBuildFile; fileRef = FA014E962A6EB75600043553 /* OnboardingView.swift */; };
		FA014E9A2A6EB75600043553 /* OnboardingCollectionViewCell.swift in Sources */ = {isa = PBXBuildFile; fileRef = FA014E972A6EB75600043553 /* OnboardingCollectionViewCell.swift */; };
		FA014E9B2A6EB75600043553 /* OnboardingViewModel.swift in Sources */ = {isa = PBXBuildFile; fileRef = FA014E982A6EB75600043553 /* OnboardingViewModel.swift */; };
		FA014E9D2A6EB76200043553 /* OnboardingViewController.swift in Sources */ = {isa = PBXBuildFile; fileRef = FA014E9C2A6EB76200043553 /* OnboardingViewController.swift */; };
		FA014EA22A6EC5AE00043553 /* TermsViewController.swift in Sources */ = {isa = PBXBuildFile; fileRef = FA014E9F2A6EC5AE00043553 /* TermsViewController.swift */; };
		FA014EA32A6EC5AE00043553 /* SettingsViewController.swift in Sources */ = {isa = PBXBuildFile; fileRef = FA014EA02A6EC5AE00043553 /* SettingsViewController.swift */; };
		FA014EA42A6EC5AE00043553 /* SettingsCollectionViewCell.swift in Sources */ = {isa = PBXBuildFile; fileRef = FA014EA12A6EC5AE00043553 /* SettingsCollectionViewCell.swift */; };
		FA014EA82A6EC5D200043553 /* TermsPolicy.swift in Sources */ = {isa = PBXBuildFile; fileRef = FA014EA62A6EC5D100043553 /* TermsPolicy.swift */; };
		FA014EA92A6EC5D200043553 /* Settings.swift in Sources */ = {isa = PBXBuildFile; fileRef = FA014EA72A6EC5D200043553 /* Settings.swift */; };
		FA39C25B2A717C89006E2626 /* FixtureEventsViewModel.swift in Sources */ = {isa = PBXBuildFile; fileRef = FA39C25A2A717C89006E2626 /* FixtureEventsViewModel.swift */; };
		FA39C25D2A7232E6006E2626 /* FixtureStatViewModel.swift in Sources */ = {isa = PBXBuildFile; fileRef = FA39C25C2A7232E5006E2626 /* FixtureStatViewModel.swift */; };
		FA4463A92A72B550009E8545 /* TabBarCoordinator.swift in Sources */ = {isa = PBXBuildFile; fileRef = FA4463A82A72B550009E8545 /* TabBarCoordinator.swift */; };
		FA4463AC2A72B5DB009E8545 /* TabBarViewController.swift in Sources */ = {isa = PBXBuildFile; fileRef = FA4463AB2A72B5DA009E8545 /* TabBarViewController.swift */; };
		FA4463AF2A72B880009E8545 /* MapViewController.swift in Sources */ = {isa = PBXBuildFile; fileRef = FA4463AE2A72B880009E8545 /* MapViewController.swift */; };
		FA639CDD2A6EDAFF00432728 /* AllEventsViewController.swift in Sources */ = {isa = PBXBuildFile; fileRef = FA639CDC2A6EDAFF00432728 /* AllEventsViewController.swift */; };
		FA639CDF2A6EDB1400432728 /* MainView.swift in Sources */ = {isa = PBXBuildFile; fileRef = FA639CDE2A6EDB1400432728 /* MainView.swift */; };
		FA639CE42A6EDCC300432728 /* FixtureView.swift in Sources */ = {isa = PBXBuildFile; fileRef = FA639CE12A6EDCC300432728 /* FixtureView.swift */; };
		FA639CE52A6EDCC300432728 /* DateCollectionViewCell.swift in Sources */ = {isa = PBXBuildFile; fileRef = FA639CE22A6EDCC300432728 /* DateCollectionViewCell.swift */; };
		FA639CE62A6EDCC300432728 /* TeamView.swift in Sources */ = {isa = PBXBuildFile; fileRef = FA639CE32A6EDCC300432728 /* TeamView.swift */; };
		FA668AFC2A6F9895000C84B5 /* FixtureCollectionViewCell.swift in Sources */ = {isa = PBXBuildFile; fileRef = FA668AFB2A6F9895000C84B5 /* FixtureCollectionViewCell.swift */; };
		FA668B002A6FA38D000C84B5 /* DetailEventView.swift in Sources */ = {isa = PBXBuildFile; fileRef = FA668AFF2A6FA38D000C84B5 /* DetailEventView.swift */; };
		FA668B032A6FA3B8000C84B5 /* DetailEventViewController.swift in Sources */ = {isa = PBXBuildFile; fileRef = FA668B022A6FA3B8000C84B5 /* DetailEventViewController.swift */; };
		FA668B052A6FA6D2000C84B5 /* EventTitleCollectionViewCell.swift in Sources */ = {isa = PBXBuildFile; fileRef = FA668B042A6FA6D2000C84B5 /* EventTitleCollectionViewCell.swift */; };
		FA668B072A6FA8B2000C84B5 /* DetailEventViewModel.swift in Sources */ = {isa = PBXBuildFile; fileRef = FA668B062A6FA8B2000C84B5 /* DetailEventViewModel.swift */; };
		FA668B092A6FAAB8000C84B5 /* LabelsStackView.swift in Sources */ = {isa = PBXBuildFile; fileRef = FA668B082A6FAAB8000C84B5 /* LabelsStackView.swift */; };
		FA668B0C2A6FB648000C84B5 /* StandingsViewController.swift in Sources */ = {isa = PBXBuildFile; fileRef = FA668B0B2A6FB648000C84B5 /* StandingsViewController.swift */; };
		FA668B0E2A6FB733000C84B5 /* StandingsView.swift in Sources */ = {isa = PBXBuildFile; fileRef = FA668B0D2A6FB733000C84B5 /* StandingsView.swift */; };
		FA668B102A6FB7CF000C84B5 /* StandingsCollectionViewCell.swift in Sources */ = {isa = PBXBuildFile; fileRef = FA668B0F2A6FB7CF000C84B5 /* StandingsCollectionViewCell.swift */; };
		FA668B122A6FD904000C84B5 /* TopDetailView.swift in Sources */ = {isa = PBXBuildFile; fileRef = FA668B112A6FD904000C84B5 /* TopDetailView.swift */; };
		FA668B152A6FDDB4000C84B5 /* FixtureStatisticView.swift in Sources */ = {isa = PBXBuildFile; fileRef = FA668B142A6FDDB4000C84B5 /* FixtureStatisticView.swift */; };
		FA668B172A6FDDC9000C84B5 /* FixtureStatisticViewController.swift in Sources */ = {isa = PBXBuildFile; fileRef = FA668B162A6FDDC9000C84B5 /* FixtureStatisticViewController.swift */; };
		FA668B192A6FDE22000C84B5 /* EventStatisticCollectionViewCell.swift in Sources */ = {isa = PBXBuildFile; fileRef = FA668B182A6FDE22000C84B5 /* EventStatisticCollectionViewCell.swift */; };
		FA668B1B2A6FEA10000C84B5 /* CircularProgressView.swift in Sources */ = {isa = PBXBuildFile; fileRef = FA668B1A2A6FEA10000C84B5 /* CircularProgressView.swift */; };
		FA668B1D2A6FED8E000C84B5 /* BallPossesionCollectionViewCell.swift in Sources */ = {isa = PBXBuildFile; fileRef = FA668B1C2A6FED8E000C84B5 /* BallPossesionCollectionViewCell.swift */; };
		FA668B202A6FF6B2000C84B5 /* H2hCollectionViewCell.swift in Sources */ = {isa = PBXBuildFile; fileRef = FA668B1F2A6FF6B2000C84B5 /* H2hCollectionViewCell.swift */; };
		FA668B222A6FF6C5000C84B5 /* H2hViewController.swift in Sources */ = {isa = PBXBuildFile; fileRef = FA668B212A6FF6C5000C84B5 /* H2hViewController.swift */; };
		FA668B252A6FF6FA000C84B5 /* H2hView.swift in Sources */ = {isa = PBXBuildFile; fileRef = FA668B242A6FF6FA000C84B5 /* H2hView.swift */; };
		FA668B272A6FF867000C84B5 /* TeamH2hSubview.swift in Sources */ = {isa = PBXBuildFile; fileRef = FA668B262A6FF867000C84B5 /* TeamH2hSubview.swift */; };
		FA668B2A2A700E54000C84B5 /* FixtureEventsView.swift in Sources */ = {isa = PBXBuildFile; fileRef = FA668B292A700E54000C84B5 /* FixtureEventsView.swift */; };
		FA668B2C2A700E68000C84B5 /* FixtureEventsViewController.swift in Sources */ = {isa = PBXBuildFile; fileRef = FA668B2B2A700E68000C84B5 /* FixtureEventsViewController.swift */; };
		FA668B2E2A700E7C000C84B5 /* FixtureEventsCollectionViewCell.swift in Sources */ = {isa = PBXBuildFile; fileRef = FA668B2D2A700E7C000C84B5 /* FixtureEventsCollectionViewCell.swift */; };
		FA668B322A701F05000C84B5 /* LineUpCollectionViewCell.swift in Sources */ = {isa = PBXBuildFile; fileRef = FA668B312A701F05000C84B5 /* LineUpCollectionViewCell.swift */; };
		FA668B342A701F23000C84B5 /* FormationCollectionViewCell.swift in Sources */ = {isa = PBXBuildFile; fileRef = FA668B332A701F23000C84B5 /* FormationCollectionViewCell.swift */; };
		FA668B362A701F4D000C84B5 /* LineUpView.swift in Sources */ = {isa = PBXBuildFile; fileRef = FA668B352A701F4D000C84B5 /* LineUpView.swift */; };
		FA668B382A701F85000C84B5 /* LineUpViewController.swift in Sources */ = {isa = PBXBuildFile; fileRef = FA668B372A701F85000C84B5 /* LineUpViewController.swift */; };
		FA85AB222A71466D00CCE942 /* H2hViewModel.swift in Sources */ = {isa = PBXBuildFile; fileRef = FA85AB212A71466D00CCE942 /* H2hViewModel.swift */; };
		FA8F4A4C2A70F2E9000D9924 /* LineUpHeaderCollectionReusableView.swift in Sources */ = {isa = PBXBuildFile; fileRef = FA8F4A4B2A70F2E9000D9924 /* LineUpHeaderCollectionReusableView.swift */; };
		FA8F4A572A710009000D9924 /* NetworkManager.swift in Sources */ = {isa = PBXBuildFile; fileRef = FA8F4A4F2A710009000D9924 /* NetworkManager.swift */; };
		FA8F4A582A710009000D9924 /* EndpointParameters.swift in Sources */ = {isa = PBXBuildFile; fileRef = FA8F4A502A710009000D9924 /* EndpointParameters.swift */; };
		FA8F4A592A710009000D9924 /* Endpoint.swift in Sources */ = {isa = PBXBuildFile; fileRef = FA8F4A512A710009000D9924 /* Endpoint.swift */; };
		FA8F4A5A2A710009000D9924 /* Leagues.swift in Sources */ = {isa = PBXBuildFile; fileRef = FA8F4A532A710009000D9924 /* Leagues.swift */; };
		FA8F4A5B2A710009000D9924 /* LiveDataBuffer.swift in Sources */ = {isa = PBXBuildFile; fileRef = FA8F4A542A710009000D9924 /* LiveDataBuffer.swift */; };
		FA8F4A5C2A710009000D9924 /* PalyerStatisticsFromAPI.swift in Sources */ = {isa = PBXBuildFile; fileRef = FA8F4A552A710009000D9924 /* PalyerStatisticsFromAPI.swift */; };
		FA8F4A5D2A710009000D9924 /* GameStatisticFromAPI.swift in Sources */ = {isa = PBXBuildFile; fileRef = FA8F4A562A710009000D9924 /* GameStatisticFromAPI.swift */; };
		FA8F4A602A71007A000D9924 /* Alamofire in Frameworks */ = {isa = PBXBuildFile; productRef = FA8F4A5F2A71007A000D9924 /* Alamofire */; };
		FA8F4A632A7100A0000D9924 /* Kingfisher in Frameworks */ = {isa = PBXBuildFile; productRef = FA8F4A622A7100A0000D9924 /* Kingfisher */; };
		FA8F4A652A710187000D9924 /* MainViewModel.swift in Sources */ = {isa = PBXBuildFile; fileRef = FA8F4A642A710187000D9924 /* MainViewModel.swift */; };
		FA8F4A672A7101AD000D9924 /* FixtureCell.swift in Sources */ = {isa = PBXBuildFile; fileRef = FA8F4A662A7101AD000D9924 /* FixtureCell.swift */; };
		FA8F4A692A7109F4000D9924 /* DateViewModel.swift in Sources */ = {isa = PBXBuildFile; fileRef = FA8F4A682A7109F4000D9924 /* DateViewModel.swift */; };
		FA8F4A6B2A710A5F000D9924 /* Extentions+Date.swift in Sources */ = {isa = PBXBuildFile; fileRef = FA8F4A6A2A710A5F000D9924 /* Extentions+Date.swift */; };
		FAA2FF592A72405900FA160C /* StandingsViewModel.swift in Sources */ = {isa = PBXBuildFile; fileRef = FAA2FF582A72405900FA160C /* StandingsViewModel.swift */; };
		FAA2FF5B2A724B4B00FA160C /* LineUpViewModel.swift in Sources */ = {isa = PBXBuildFile; fileRef = FAA2FF5A2A724B4B00FA160C /* LineUpViewModel.swift */; };
		FAA2FF5F2A727AAD00FA160C /* JTAppleCalendar in Frameworks */ = {isa = PBXBuildFile; productRef = FAA2FF5E2A727AAD00FA160C /* JTAppleCalendar */; };
		FAA2FF632A727C0300FA160C /* CalendarViewController.swift in Sources */ = {isa = PBXBuildFile; fileRef = FAA2FF602A727C0300FA160C /* CalendarViewController.swift */; };
		FAA2FF642A727C0300FA160C /* CalendarCollectionViewCell.swift in Sources */ = {isa = PBXBuildFile; fileRef = FAA2FF612A727C0300FA160C /* CalendarCollectionViewCell.swift */; };
		FAA2FF652A727C0300FA160C /* CalendarConteinerView.swift in Sources */ = {isa = PBXBuildFile; fileRef = FAA2FF622A727C0300FA160C /* CalendarConteinerView.swift */; };
		FAA528062A6EA53B005F95B1 /* AppDelegate.swift in Sources */ = {isa = PBXBuildFile; fileRef = FAA528052A6EA53B005F95B1 /* AppDelegate.swift */; };
		FAA528082A6EA53B005F95B1 /* SceneDelegate.swift in Sources */ = {isa = PBXBuildFile; fileRef = FAA528072A6EA53B005F95B1 /* SceneDelegate.swift */; };
		FAA5280F2A6EA53D005F95B1 /* Assets.xcassets in Resources */ = {isa = PBXBuildFile; fileRef = FAA5280E2A6EA53D005F95B1 /* Assets.xcassets */; };
		FAA528122A6EA53D005F95B1 /* LaunchScreen.storyboard in Resources */ = {isa = PBXBuildFile; fileRef = FAA528102A6EA53D005F95B1 /* LaunchScreen.storyboard */; };
		FAA528242A6EA67B005F95B1 /* MainCoordinator.swift in Sources */ = {isa = PBXBuildFile; fileRef = FAA5281E2A6EA67B005F95B1 /* MainCoordinator.swift */; };
		FAA528252A6EA67B005F95B1 /* Coordinator.swift in Sources */ = {isa = PBXBuildFile; fileRef = FAA5281F2A6EA67B005F95B1 /* Coordinator.swift */; };
		FAA528262A6EA67B005F95B1 /* SavingService.swift in Sources */ = {isa = PBXBuildFile; fileRef = FAA528212A6EA67B005F95B1 /* SavingService.swift */; };
		FAA528272A6EA67B005F95B1 /* SaveManager.swift in Sources */ = {isa = PBXBuildFile; fileRef = FAA528222A6EA67B005F95B1 /* SaveManager.swift */; };
		FAA528282A6EA67B005F95B1 /* Observable.swift in Sources */ = {isa = PBXBuildFile; fileRef = FAA528232A6EA67B005F95B1 /* Observable.swift */; };
		FAA5282A2A6EA787005F95B1 /* LoaderViewController.swift in Sources */ = {isa = PBXBuildFile; fileRef = FAA528292A6EA787005F95B1 /* LoaderViewController.swift */; };
		FAA5282C2A6EA7F4005F95B1 /* LoaderView.swift in Sources */ = {isa = PBXBuildFile; fileRef = FAA5282B2A6EA7F4005F95B1 /* LoaderView.swift */; };
		FAA5282E2A6EA819005F95B1 /* Extentions+UIKIt.swift in Sources */ = {isa = PBXBuildFile; fileRef = FAA5282D2A6EA819005F95B1 /* Extentions+UIKIt.swift */; };
		FAB355822A77A7E8000FF45E /* NotificationService.swift in Sources */ = {isa = PBXBuildFile; fileRef = FAB355812A77A7E8000FF45E /* NotificationService.swift */; };
		FAB355862A77A7E8000FF45E /* OneSignalNotificationServiceExtension.appex in Embed Foundation Extensions */ = {isa = PBXBuildFile; fileRef = FAB3557F2A77A7E8000FF45E /* OneSignalNotificationServiceExtension.appex */; settings = {ATTRIBUTES = (RemoveHeadersOnCopy, ); }; };
		FAB3558D2A77A887000FF45E /* OneSignal in Frameworks */ = {isa = PBXBuildFile; productRef = FAB3558C2A77A887000FF45E /* OneSignal */; };
		FAB3558F2A77A887000FF45E /* OneSignalExtension in Frameworks */ = {isa = PBXBuildFile; productRef = FAB3558E2A77A887000FF45E /* OneSignalExtension */; };
		FAB355932A77A9E1000FF45E /* FirebaseAnalytics in Frameworks */ = {isa = PBXBuildFile; productRef = FAB355922A77A9E1000FF45E /* FirebaseAnalytics */; };
		FAB355952A77A9E1000FF45E /* FirebaseAnalyticsSwift in Frameworks */ = {isa = PBXBuildFile; productRef = FAB355942A77A9E1000FF45E /* FirebaseAnalyticsSwift */; };
		FAB355982A77AB1C000FF45E /* AppsFlyerLib in Frameworks */ = {isa = PBXBuildFile; productRef = FAB355972A77AB1C000FF45E /* AppsFlyerLib */; };
		FAF050592A72BCDA0065AB5B /* AnnotationView.swift in Sources */ = {isa = PBXBuildFile; fileRef = FAF050582A72BCDA0065AB5B /* AnnotationView.swift */; };
		FAF0505B2A72BCE50065AB5B /* MapViewModel.swift in Sources */ = {isa = PBXBuildFile; fileRef = FAF0505A2A72BCE50065AB5B /* MapViewModel.swift */; };
		FAF050602A739F120065AB5B /* NavigationMenu.swift in Sources */ = {isa = PBXBuildFile; fileRef = FAF0505F2A739F120065AB5B /* NavigationMenu.swift */; };
		FAF050632A73A1F30065AB5B /* NotificationManager.swift in Sources */ = {isa = PBXBuildFile; fileRef = FAF050622A73A1F30065AB5B /* NotificationManager.swift */; };
		FAF050662A73A3FC0065AB5B /* SavedViewController.swift in Sources */ = {isa = PBXBuildFile; fileRef = FAF050652A73A3FC0065AB5B /* SavedViewController.swift */; };
		FAF050682A73A5060065AB5B /* SavedView.swift in Sources */ = {isa = PBXBuildFile; fileRef = FAF050672A73A5060065AB5B /* SavedView.swift */; };
		FAF0506A2A73A5ED0065AB5B /* SaveViewModel.swift in Sources */ = {isa = PBXBuildFile; fileRef = FAF050692A73A5ED0065AB5B /* SaveViewModel.swift */; };
/* End PBXBuildFile section */

/* Begin PBXContainerItemProxy section */
		FAB355842A77A7E8000FF45E /* PBXContainerItemProxy */ = {
			isa = PBXContainerItemProxy;
			containerPortal = FAA527FA2A6EA53B005F95B1 /* Project object */;
			proxyType = 1;
			remoteGlobalIDString = FAB3557E2A77A7E8000FF45E;
			remoteInfo = OneSignalNotificationServiceExtension;
		};
/* End PBXContainerItemProxy section */

/* Begin PBXCopyFilesBuildPhase section */
		FAB3558A2A77A7E9000FF45E /* Embed Foundation Extensions */ = {
			isa = PBXCopyFilesBuildPhase;
			buildActionMask = 2147483647;
			dstPath = "";
			dstSubfolderSpec = 13;
			files = (
				FAB355862A77A7E8000FF45E /* OneSignalNotificationServiceExtension.appex in Embed Foundation Extensions */,
			);
			name = "Embed Foundation Extensions";
			runOnlyForDeploymentPostprocessing = 0;
		};
/* End PBXCopyFilesBuildPhase section */

/* Begin PBXFileReference section */
		FA014E962A6EB75600043553 /* OnboardingView.swift */ = {isa = PBXFileReference; fileEncoding = 4; lastKnownFileType = sourcecode.swift; path = OnboardingView.swift; sourceTree = "<group>"; };
		FA014E972A6EB75600043553 /* OnboardingCollectionViewCell.swift */ = {isa = PBXFileReference; fileEncoding = 4; lastKnownFileType = sourcecode.swift; path = OnboardingCollectionViewCell.swift; sourceTree = "<group>"; };
		FA014E982A6EB75600043553 /* OnboardingViewModel.swift */ = {isa = PBXFileReference; fileEncoding = 4; lastKnownFileType = sourcecode.swift; path = OnboardingViewModel.swift; sourceTree = "<group>"; };
		FA014E9C2A6EB76200043553 /* OnboardingViewController.swift */ = {isa = PBXFileReference; fileEncoding = 4; lastKnownFileType = sourcecode.swift; path = OnboardingViewController.swift; sourceTree = "<group>"; };
		FA014E9F2A6EC5AE00043553 /* TermsViewController.swift */ = {isa = PBXFileReference; fileEncoding = 4; lastKnownFileType = sourcecode.swift; path = TermsViewController.swift; sourceTree = "<group>"; };
		FA014EA02A6EC5AE00043553 /* SettingsViewController.swift */ = {isa = PBXFileReference; fileEncoding = 4; lastKnownFileType = sourcecode.swift; path = SettingsViewController.swift; sourceTree = "<group>"; };
		FA014EA12A6EC5AE00043553 /* SettingsCollectionViewCell.swift */ = {isa = PBXFileReference; fileEncoding = 4; lastKnownFileType = sourcecode.swift; path = SettingsCollectionViewCell.swift; sourceTree = "<group>"; };
		FA014EA62A6EC5D100043553 /* TermsPolicy.swift */ = {isa = PBXFileReference; fileEncoding = 4; lastKnownFileType = sourcecode.swift; path = TermsPolicy.swift; sourceTree = "<group>"; };
		FA014EA72A6EC5D200043553 /* Settings.swift */ = {isa = PBXFileReference; fileEncoding = 4; lastKnownFileType = sourcecode.swift; path = Settings.swift; sourceTree = "<group>"; };
		FA39C25A2A717C89006E2626 /* FixtureEventsViewModel.swift */ = {isa = PBXFileReference; lastKnownFileType = sourcecode.swift; path = FixtureEventsViewModel.swift; sourceTree = "<group>"; };
		FA39C25C2A7232E5006E2626 /* FixtureStatViewModel.swift */ = {isa = PBXFileReference; lastKnownFileType = sourcecode.swift; path = FixtureStatViewModel.swift; sourceTree = "<group>"; };
		FA4463A82A72B550009E8545 /* TabBarCoordinator.swift */ = {isa = PBXFileReference; fileEncoding = 4; lastKnownFileType = sourcecode.swift; path = TabBarCoordinator.swift; sourceTree = "<group>"; };
		FA4463AB2A72B5DA009E8545 /* TabBarViewController.swift */ = {isa = PBXFileReference; fileEncoding = 4; lastKnownFileType = sourcecode.swift; path = TabBarViewController.swift; sourceTree = "<group>"; };
		FA4463AE2A72B880009E8545 /* MapViewController.swift */ = {isa = PBXFileReference; lastKnownFileType = sourcecode.swift; path = MapViewController.swift; sourceTree = "<group>"; };
		FA639CDC2A6EDAFF00432728 /* AllEventsViewController.swift */ = {isa = PBXFileReference; lastKnownFileType = sourcecode.swift; path = AllEventsViewController.swift; sourceTree = "<group>"; };
		FA639CDE2A6EDB1400432728 /* MainView.swift */ = {isa = PBXFileReference; lastKnownFileType = sourcecode.swift; path = MainView.swift; sourceTree = "<group>"; };
		FA639CE12A6EDCC300432728 /* FixtureView.swift */ = {isa = PBXFileReference; fileEncoding = 4; lastKnownFileType = sourcecode.swift; path = FixtureView.swift; sourceTree = "<group>"; };
		FA639CE22A6EDCC300432728 /* DateCollectionViewCell.swift */ = {isa = PBXFileReference; fileEncoding = 4; lastKnownFileType = sourcecode.swift; path = DateCollectionViewCell.swift; sourceTree = "<group>"; };
		FA639CE32A6EDCC300432728 /* TeamView.swift */ = {isa = PBXFileReference; fileEncoding = 4; lastKnownFileType = sourcecode.swift; path = TeamView.swift; sourceTree = "<group>"; };
		FA668AFB2A6F9895000C84B5 /* FixtureCollectionViewCell.swift */ = {isa = PBXFileReference; lastKnownFileType = sourcecode.swift; path = FixtureCollectionViewCell.swift; sourceTree = "<group>"; };
		FA668AFF2A6FA38D000C84B5 /* DetailEventView.swift */ = {isa = PBXFileReference; lastKnownFileType = sourcecode.swift; path = DetailEventView.swift; sourceTree = "<group>"; };
		FA668B022A6FA3B8000C84B5 /* DetailEventViewController.swift */ = {isa = PBXFileReference; lastKnownFileType = sourcecode.swift; path = DetailEventViewController.swift; sourceTree = "<group>"; };
		FA668B042A6FA6D2000C84B5 /* EventTitleCollectionViewCell.swift */ = {isa = PBXFileReference; lastKnownFileType = sourcecode.swift; path = EventTitleCollectionViewCell.swift; sourceTree = "<group>"; };
		FA668B062A6FA8B2000C84B5 /* DetailEventViewModel.swift */ = {isa = PBXFileReference; lastKnownFileType = sourcecode.swift; path = DetailEventViewModel.swift; sourceTree = "<group>"; };
		FA668B082A6FAAB8000C84B5 /* LabelsStackView.swift */ = {isa = PBXFileReference; lastKnownFileType = sourcecode.swift; path = LabelsStackView.swift; sourceTree = "<group>"; };
		FA668B0B2A6FB648000C84B5 /* StandingsViewController.swift */ = {isa = PBXFileReference; lastKnownFileType = sourcecode.swift; path = StandingsViewController.swift; sourceTree = "<group>"; };
		FA668B0D2A6FB733000C84B5 /* StandingsView.swift */ = {isa = PBXFileReference; lastKnownFileType = sourcecode.swift; path = StandingsView.swift; sourceTree = "<group>"; };
		FA668B0F2A6FB7CF000C84B5 /* StandingsCollectionViewCell.swift */ = {isa = PBXFileReference; lastKnownFileType = sourcecode.swift; path = StandingsCollectionViewCell.swift; sourceTree = "<group>"; };
		FA668B112A6FD904000C84B5 /* TopDetailView.swift */ = {isa = PBXFileReference; lastKnownFileType = sourcecode.swift; path = TopDetailView.swift; sourceTree = "<group>"; };
		FA668B142A6FDDB4000C84B5 /* FixtureStatisticView.swift */ = {isa = PBXFileReference; lastKnownFileType = sourcecode.swift; path = FixtureStatisticView.swift; sourceTree = "<group>"; };
		FA668B162A6FDDC9000C84B5 /* FixtureStatisticViewController.swift */ = {isa = PBXFileReference; lastKnownFileType = sourcecode.swift; path = FixtureStatisticViewController.swift; sourceTree = "<group>"; };
		FA668B182A6FDE22000C84B5 /* EventStatisticCollectionViewCell.swift */ = {isa = PBXFileReference; lastKnownFileType = sourcecode.swift; path = EventStatisticCollectionViewCell.swift; sourceTree = "<group>"; };
		FA668B1A2A6FEA10000C84B5 /* CircularProgressView.swift */ = {isa = PBXFileReference; fileEncoding = 4; lastKnownFileType = sourcecode.swift; path = CircularProgressView.swift; sourceTree = "<group>"; };
		FA668B1C2A6FED8E000C84B5 /* BallPossesionCollectionViewCell.swift */ = {isa = PBXFileReference; lastKnownFileType = sourcecode.swift; path = BallPossesionCollectionViewCell.swift; sourceTree = "<group>"; };
		FA668B1F2A6FF6B2000C84B5 /* H2hCollectionViewCell.swift */ = {isa = PBXFileReference; lastKnownFileType = sourcecode.swift; path = H2hCollectionViewCell.swift; sourceTree = "<group>"; };
		FA668B212A6FF6C5000C84B5 /* H2hViewController.swift */ = {isa = PBXFileReference; lastKnownFileType = sourcecode.swift; path = H2hViewController.swift; sourceTree = "<group>"; };
		FA668B242A6FF6FA000C84B5 /* H2hView.swift */ = {isa = PBXFileReference; lastKnownFileType = sourcecode.swift; path = H2hView.swift; sourceTree = "<group>"; };
		FA668B262A6FF867000C84B5 /* TeamH2hSubview.swift */ = {isa = PBXFileReference; lastKnownFileType = sourcecode.swift; path = TeamH2hSubview.swift; sourceTree = "<group>"; };
		FA668B292A700E54000C84B5 /* FixtureEventsView.swift */ = {isa = PBXFileReference; lastKnownFileType = sourcecode.swift; path = FixtureEventsView.swift; sourceTree = "<group>"; };
		FA668B2B2A700E68000C84B5 /* FixtureEventsViewController.swift */ = {isa = PBXFileReference; lastKnownFileType = sourcecode.swift; path = FixtureEventsViewController.swift; sourceTree = "<group>"; };
		FA668B2D2A700E7C000C84B5 /* FixtureEventsCollectionViewCell.swift */ = {isa = PBXFileReference; lastKnownFileType = sourcecode.swift; path = FixtureEventsCollectionViewCell.swift; sourceTree = "<group>"; };
		FA668B312A701F05000C84B5 /* LineUpCollectionViewCell.swift */ = {isa = PBXFileReference; lastKnownFileType = sourcecode.swift; path = LineUpCollectionViewCell.swift; sourceTree = "<group>"; };
		FA668B332A701F23000C84B5 /* FormationCollectionViewCell.swift */ = {isa = PBXFileReference; lastKnownFileType = sourcecode.swift; path = FormationCollectionViewCell.swift; sourceTree = "<group>"; };
		FA668B352A701F4D000C84B5 /* LineUpView.swift */ = {isa = PBXFileReference; lastKnownFileType = sourcecode.swift; path = LineUpView.swift; sourceTree = "<group>"; };
		FA668B372A701F85000C84B5 /* LineUpViewController.swift */ = {isa = PBXFileReference; lastKnownFileType = sourcecode.swift; path = LineUpViewController.swift; sourceTree = "<group>"; };
		FA85AB212A71466D00CCE942 /* H2hViewModel.swift */ = {isa = PBXFileReference; lastKnownFileType = sourcecode.swift; path = H2hViewModel.swift; sourceTree = "<group>"; };
		FA8F4A4B2A70F2E9000D9924 /* LineUpHeaderCollectionReusableView.swift */ = {isa = PBXFileReference; lastKnownFileType = sourcecode.swift; path = LineUpHeaderCollectionReusableView.swift; sourceTree = "<group>"; };
		FA8F4A4F2A710009000D9924 /* NetworkManager.swift */ = {isa = PBXFileReference; fileEncoding = 4; lastKnownFileType = sourcecode.swift; path = NetworkManager.swift; sourceTree = "<group>"; };
		FA8F4A502A710009000D9924 /* EndpointParameters.swift */ = {isa = PBXFileReference; fileEncoding = 4; lastKnownFileType = sourcecode.swift; path = EndpointParameters.swift; sourceTree = "<group>"; };
		FA8F4A512A710009000D9924 /* Endpoint.swift */ = {isa = PBXFileReference; fileEncoding = 4; lastKnownFileType = sourcecode.swift; path = Endpoint.swift; sourceTree = "<group>"; };
		FA8F4A532A710009000D9924 /* Leagues.swift */ = {isa = PBXFileReference; fileEncoding = 4; lastKnownFileType = sourcecode.swift; path = Leagues.swift; sourceTree = "<group>"; };
		FA8F4A542A710009000D9924 /* LiveDataBuffer.swift */ = {isa = PBXFileReference; fileEncoding = 4; lastKnownFileType = sourcecode.swift; path = LiveDataBuffer.swift; sourceTree = "<group>"; };
		FA8F4A552A710009000D9924 /* PalyerStatisticsFromAPI.swift */ = {isa = PBXFileReference; fileEncoding = 4; lastKnownFileType = sourcecode.swift; path = PalyerStatisticsFromAPI.swift; sourceTree = "<group>"; };
		FA8F4A562A710009000D9924 /* GameStatisticFromAPI.swift */ = {isa = PBXFileReference; fileEncoding = 4; lastKnownFileType = sourcecode.swift; path = GameStatisticFromAPI.swift; sourceTree = "<group>"; };
		FA8F4A642A710187000D9924 /* MainViewModel.swift */ = {isa = PBXFileReference; lastKnownFileType = sourcecode.swift; path = MainViewModel.swift; sourceTree = "<group>"; };
		FA8F4A662A7101AD000D9924 /* FixtureCell.swift */ = {isa = PBXFileReference; fileEncoding = 4; lastKnownFileType = sourcecode.swift; path = FixtureCell.swift; sourceTree = "<group>"; };
		FA8F4A682A7109F4000D9924 /* DateViewModel.swift */ = {isa = PBXFileReference; fileEncoding = 4; lastKnownFileType = sourcecode.swift; path = DateViewModel.swift; sourceTree = "<group>"; };
		FA8F4A6A2A710A5F000D9924 /* Extentions+Date.swift */ = {isa = PBXFileReference; lastKnownFileType = sourcecode.swift; path = "Extentions+Date.swift"; sourceTree = "<group>"; };
		FAA2FF582A72405900FA160C /* StandingsViewModel.swift */ = {isa = PBXFileReference; lastKnownFileType = sourcecode.swift; path = StandingsViewModel.swift; sourceTree = "<group>"; };
		FAA2FF5A2A724B4B00FA160C /* LineUpViewModel.swift */ = {isa = PBXFileReference; lastKnownFileType = sourcecode.swift; path = LineUpViewModel.swift; sourceTree = "<group>"; };
		FAA2FF602A727C0300FA160C /* CalendarViewController.swift */ = {isa = PBXFileReference; fileEncoding = 4; lastKnownFileType = sourcecode.swift; path = CalendarViewController.swift; sourceTree = "<group>"; };
		FAA2FF612A727C0300FA160C /* CalendarCollectionViewCell.swift */ = {isa = PBXFileReference; fileEncoding = 4; lastKnownFileType = sourcecode.swift; path = CalendarCollectionViewCell.swift; sourceTree = "<group>"; };
		FAA2FF622A727C0300FA160C /* CalendarConteinerView.swift */ = {isa = PBXFileReference; fileEncoding = 4; lastKnownFileType = sourcecode.swift; path = CalendarConteinerView.swift; sourceTree = "<group>"; };
		FAA528022A6EA53B005F95B1 /* 365WorldWide.app */ = {isa = PBXFileReference; explicitFileType = wrapper.application; includeInIndex = 0; path = 365WorldWide.app; sourceTree = BUILT_PRODUCTS_DIR; };
		FAA528052A6EA53B005F95B1 /* AppDelegate.swift */ = {isa = PBXFileReference; lastKnownFileType = sourcecode.swift; path = AppDelegate.swift; sourceTree = "<group>"; };
		FAA528072A6EA53B005F95B1 /* SceneDelegate.swift */ = {isa = PBXFileReference; lastKnownFileType = sourcecode.swift; path = SceneDelegate.swift; sourceTree = "<group>"; };
		FAA5280E2A6EA53D005F95B1 /* Assets.xcassets */ = {isa = PBXFileReference; lastKnownFileType = folder.assetcatalog; path = Assets.xcassets; sourceTree = "<group>"; };
		FAA528112A6EA53D005F95B1 /* Base */ = {isa = PBXFileReference; lastKnownFileType = file.storyboard; name = Base; path = Base.lproj/LaunchScreen.storyboard; sourceTree = "<group>"; };
		FAA528132A6EA53D005F95B1 /* Info.plist */ = {isa = PBXFileReference; lastKnownFileType = text.plist.xml; path = Info.plist; sourceTree = "<group>"; };
		FAA5281E2A6EA67B005F95B1 /* MainCoordinator.swift */ = {isa = PBXFileReference; fileEncoding = 4; lastKnownFileType = sourcecode.swift; path = MainCoordinator.swift; sourceTree = "<group>"; };
		FAA5281F2A6EA67B005F95B1 /* Coordinator.swift */ = {isa = PBXFileReference; fileEncoding = 4; lastKnownFileType = sourcecode.swift; path = Coordinator.swift; sourceTree = "<group>"; };
		FAA528212A6EA67B005F95B1 /* SavingService.swift */ = {isa = PBXFileReference; fileEncoding = 4; lastKnownFileType = sourcecode.swift; path = SavingService.swift; sourceTree = "<group>"; };
		FAA528222A6EA67B005F95B1 /* SaveManager.swift */ = {isa = PBXFileReference; fileEncoding = 4; lastKnownFileType = sourcecode.swift; path = SaveManager.swift; sourceTree = "<group>"; };
		FAA528232A6EA67B005F95B1 /* Observable.swift */ = {isa = PBXFileReference; fileEncoding = 4; lastKnownFileType = sourcecode.swift; path = Observable.swift; sourceTree = "<group>"; };
		FAA528292A6EA787005F95B1 /* LoaderViewController.swift */ = {isa = PBXFileReference; lastKnownFileType = sourcecode.swift; path = LoaderViewController.swift; sourceTree = "<group>"; };
		FAA5282B2A6EA7F4005F95B1 /* LoaderView.swift */ = {isa = PBXFileReference; lastKnownFileType = sourcecode.swift; path = LoaderView.swift; sourceTree = "<group>"; };
		FAA5282D2A6EA819005F95B1 /* Extentions+UIKIt.swift */ = {isa = PBXFileReference; lastKnownFileType = sourcecode.swift; path = "Extentions+UIKIt.swift"; sourceTree = "<group>"; };
		FAB3557F2A77A7E8000FF45E /* OneSignalNotificationServiceExtension.appex */ = {isa = PBXFileReference; explicitFileType = "wrapper.app-extension"; includeInIndex = 0; path = OneSignalNotificationServiceExtension.appex; sourceTree = BUILT_PRODUCTS_DIR; };
		FAB355812A77A7E8000FF45E /* NotificationService.swift */ = {isa = PBXFileReference; lastKnownFileType = sourcecode.swift; path = NotificationService.swift; sourceTree = "<group>"; };
		FAB355832A77A7E8000FF45E /* Info.plist */ = {isa = PBXFileReference; lastKnownFileType = text.plist.xml; path = Info.plist; sourceTree = "<group>"; };
		FAB355902A77A8AC000FF45E /* 365WorldWide.entitlements */ = {isa = PBXFileReference; lastKnownFileType = text.plist.entitlements; path = 365WorldWide.entitlements; sourceTree = "<group>"; };
		FAF050582A72BCDA0065AB5B /* AnnotationView.swift */ = {isa = PBXFileReference; fileEncoding = 4; lastKnownFileType = sourcecode.swift; path = AnnotationView.swift; sourceTree = "<group>"; };
		FAF0505A2A72BCE50065AB5B /* MapViewModel.swift */ = {isa = PBXFileReference; fileEncoding = 4; lastKnownFileType = sourcecode.swift; path = MapViewModel.swift; sourceTree = "<group>"; };
		FAF0505F2A739F120065AB5B /* NavigationMenu.swift */ = {isa = PBXFileReference; fileEncoding = 4; lastKnownFileType = sourcecode.swift; path = NavigationMenu.swift; sourceTree = "<group>"; };
		FAF050622A73A1F30065AB5B /* NotificationManager.swift */ = {isa = PBXFileReference; fileEncoding = 4; lastKnownFileType = sourcecode.swift; path = NotificationManager.swift; sourceTree = "<group>"; };
		FAF050652A73A3FC0065AB5B /* SavedViewController.swift */ = {isa = PBXFileReference; lastKnownFileType = sourcecode.swift; path = SavedViewController.swift; sourceTree = "<group>"; };
		FAF050672A73A5060065AB5B /* SavedView.swift */ = {isa = PBXFileReference; lastKnownFileType = sourcecode.swift; path = SavedView.swift; sourceTree = "<group>"; };
		FAF050692A73A5ED0065AB5B /* SaveViewModel.swift */ = {isa = PBXFileReference; lastKnownFileType = sourcecode.swift; path = SaveViewModel.swift; sourceTree = "<group>"; };
/* End PBXFileReference section */

/* Begin PBXFrameworksBuildPhase section */
		FAA527FF2A6EA53B005F95B1 /* Frameworks */ = {
			isa = PBXFrameworksBuildPhase;
			buildActionMask = 2147483647;
			files = (
				FAB355982A77AB1C000FF45E /* AppsFlyerLib in Frameworks */,
				FAB355952A77A9E1000FF45E /* FirebaseAnalyticsSwift in Frameworks */,
				FA8F4A632A7100A0000D9924 /* Kingfisher in Frameworks */,
				FAB3558D2A77A887000FF45E /* OneSignal in Frameworks */,
				FAA2FF5F2A727AAD00FA160C /* JTAppleCalendar in Frameworks */,
				FAB355932A77A9E1000FF45E /* FirebaseAnalytics in Frameworks */,
				FA8F4A602A71007A000D9924 /* Alamofire in Frameworks */,
			);
			runOnlyForDeploymentPostprocessing = 0;
		};
		FAB3557C2A77A7E8000FF45E /* Frameworks */ = {
			isa = PBXFrameworksBuildPhase;
			buildActionMask = 2147483647;
			files = (
				FAB3558F2A77A887000FF45E /* OneSignalExtension in Frameworks */,
			);
			runOnlyForDeploymentPostprocessing = 0;
		};
/* End PBXFrameworksBuildPhase section */

/* Begin PBXGroup section */
		FA014E932A6EAE9500043553 /* OnboardingScreen */ = {
			isa = PBXGroup;
			children = (
				FA014E972A6EB75600043553 /* OnboardingCollectionViewCell.swift */,
				FA014E9C2A6EB76200043553 /* OnboardingViewController.swift */,
				FA014E962A6EB75600043553 /* OnboardingView.swift */,
				FA014E982A6EB75600043553 /* OnboardingViewModel.swift */,
			);
			path = OnboardingScreen;
			sourceTree = "<group>";
		};
		FA014E9E2A6EC56E00043553 /* SettingsScreen */ = {
			isa = PBXGroup;
			children = (
				FA014EA12A6EC5AE00043553 /* SettingsCollectionViewCell.swift */,
				FA014EA02A6EC5AE00043553 /* SettingsViewController.swift */,
				FA014E9F2A6EC5AE00043553 /* TermsViewController.swift */,
			);
			path = SettingsScreen;
			sourceTree = "<group>";
		};
		FA014EA52A6EC5C400043553 /* Model */ = {
			isa = PBXGroup;
			children = (
				FA8F4A662A7101AD000D9924 /* FixtureCell.swift */,
				FA014EA72A6EC5D200043553 /* Settings.swift */,
				FA014EA62A6EC5D100043553 /* TermsPolicy.swift */,
			);
			path = Model;
			sourceTree = "<group>";
		};
		FA4463AA2A72B5DA009E8545 /* TabBarController */ = {
			isa = PBXGroup;
			children = (
				FA4463AB2A72B5DA009E8545 /* TabBarViewController.swift */,
			);
			path = TabBarController;
			sourceTree = "<group>";
		};
		FA4463AD2A72B868009E8545 /* MapScreen */ = {
			isa = PBXGroup;
			children = (
				FAF0505A2A72BCE50065AB5B /* MapViewModel.swift */,
				FAF050582A72BCDA0065AB5B /* AnnotationView.swift */,
				FA4463AE2A72B880009E8545 /* MapViewController.swift */,
			);
			path = MapScreen;
			sourceTree = "<group>";
		};
		FA639CDB2A6EDAED00432728 /* MainScreen */ = {
			isa = PBXGroup;
			children = (
				FA639CDC2A6EDAFF00432728 /* AllEventsViewController.swift */,
				FA639CDE2A6EDB1400432728 /* MainView.swift */,
				FA639CE22A6EDCC300432728 /* DateCollectionViewCell.swift */,
				FA8F4A682A7109F4000D9924 /* DateViewModel.swift */,
				FA668AFB2A6F9895000C84B5 /* FixtureCollectionViewCell.swift */,
				FA8F4A642A710187000D9924 /* MainViewModel.swift */,
			);
			path = MainScreen;
			sourceTree = "<group>";
		};
		FA639CE02A6EDBCF00432728 /* GeneralViews */ = {
			isa = PBXGroup;
			children = (
				FA639CE12A6EDCC300432728 /* FixtureView.swift */,
				FA639CE32A6EDCC300432728 /* TeamView.swift */,
				FA668B1A2A6FEA10000C84B5 /* CircularProgressView.swift */,
				FA668B112A6FD904000C84B5 /* TopDetailView.swift */,
			);
			path = GeneralViews;
			sourceTree = "<group>";
		};
		FA668B012A6FA39A000C84B5 /* DetailEventScreen */ = {
			isa = PBXGroup;
			children = (
				FA668AFF2A6FA38D000C84B5 /* DetailEventView.swift */,
				FA668B022A6FA3B8000C84B5 /* DetailEventViewController.swift */,
				FA668B042A6FA6D2000C84B5 /* EventTitleCollectionViewCell.swift */,
				FA668B062A6FA8B2000C84B5 /* DetailEventViewModel.swift */,
				FA668B082A6FAAB8000C84B5 /* LabelsStackView.swift */,
			);
			path = DetailEventScreen;
			sourceTree = "<group>";
		};
		FA668B0A2A6FB548000C84B5 /* StandingsScreen */ = {
			isa = PBXGroup;
			children = (
				FA668B0B2A6FB648000C84B5 /* StandingsViewController.swift */,
				FA668B0D2A6FB733000C84B5 /* StandingsView.swift */,
				FA668B0F2A6FB7CF000C84B5 /* StandingsCollectionViewCell.swift */,
				FAA2FF582A72405900FA160C /* StandingsViewModel.swift */,
			);
			path = StandingsScreen;
			sourceTree = "<group>";
		};
		FA668B132A6FDD8F000C84B5 /* FixtureStatisticScreen */ = {
			isa = PBXGroup;
			children = (
				FA668B142A6FDDB4000C84B5 /* FixtureStatisticView.swift */,
				FA668B162A6FDDC9000C84B5 /* FixtureStatisticViewController.swift */,
				FA668B182A6FDE22000C84B5 /* EventStatisticCollectionViewCell.swift */,
				FA668B1C2A6FED8E000C84B5 /* BallPossesionCollectionViewCell.swift */,
				FA39C25C2A7232E5006E2626 /* FixtureStatViewModel.swift */,
			);
			path = FixtureStatisticScreen;
			sourceTree = "<group>";
		};
		FA668B1E2A6FF698000C84B5 /* H2hScreen */ = {
			isa = PBXGroup;
			children = (
				FA668B1F2A6FF6B2000C84B5 /* H2hCollectionViewCell.swift */,
				FA668B212A6FF6C5000C84B5 /* H2hViewController.swift */,
				FA668B242A6FF6FA000C84B5 /* H2hView.swift */,
				FA668B262A6FF867000C84B5 /* TeamH2hSubview.swift */,
				FA85AB212A71466D00CCE942 /* H2hViewModel.swift */,
			);
			path = H2hScreen;
			sourceTree = "<group>";
		};
		FA668B282A700E38000C84B5 /* FixtureEventsScreen */ = {
			isa = PBXGroup;
			children = (
				FA668B292A700E54000C84B5 /* FixtureEventsView.swift */,
				FA668B2B2A700E68000C84B5 /* FixtureEventsViewController.swift */,
				FA39C25A2A717C89006E2626 /* FixtureEventsViewModel.swift */,
				FA668B2D2A700E7C000C84B5 /* FixtureEventsCollectionViewCell.swift */,
			);
			path = FixtureEventsScreen;
			sourceTree = "<group>";
		};
		FA668B2F2A701EDE000C84B5 /* LineUpScreen */ = {
			isa = PBXGroup;
			children = (
				FA668B312A701F05000C84B5 /* LineUpCollectionViewCell.swift */,
				FA668B332A701F23000C84B5 /* FormationCollectionViewCell.swift */,
				FA668B352A701F4D000C84B5 /* LineUpView.swift */,
				FA668B372A701F85000C84B5 /* LineUpViewController.swift */,
				FA8F4A4B2A70F2E9000D9924 /* LineUpHeaderCollectionReusableView.swift */,
				FAA2FF5A2A724B4B00FA160C /* LineUpViewModel.swift */,
			);
			path = LineUpScreen;
			sourceTree = "<group>";
		};
		FA8F4A4D2A710009000D9924 /* NetworkModule */ = {
			isa = PBXGroup;
			children = (
				FA8F4A4E2A710009000D9924 /* NetworkManager */,
				FA8F4A522A710009000D9924 /* Model */,
			);
			path = NetworkModule;
			sourceTree = "<group>";
		};
		FA8F4A4E2A710009000D9924 /* NetworkManager */ = {
			isa = PBXGroup;
			children = (
				FA8F4A4F2A710009000D9924 /* NetworkManager.swift */,
				FA8F4A502A710009000D9924 /* EndpointParameters.swift */,
				FA8F4A512A710009000D9924 /* Endpoint.swift */,
			);
			path = NetworkManager;
			sourceTree = "<group>";
		};
		FA8F4A522A710009000D9924 /* Model */ = {
			isa = PBXGroup;
			children = (
				FA8F4A532A710009000D9924 /* Leagues.swift */,
				FA8F4A542A710009000D9924 /* LiveDataBuffer.swift */,
				FA8F4A552A710009000D9924 /* PalyerStatisticsFromAPI.swift */,
				FA8F4A562A710009000D9924 /* GameStatisticFromAPI.swift */,
			);
			path = Model;
			sourceTree = "<group>";
		};
		FAA2FF5C2A727A8600FA160C /* CalendarScreen */ = {
			isa = PBXGroup;
			children = (
				FAA2FF612A727C0300FA160C /* CalendarCollectionViewCell.swift */,
				FAA2FF622A727C0300FA160C /* CalendarConteinerView.swift */,
				FAA2FF602A727C0300FA160C /* CalendarViewController.swift */,
			);
			path = CalendarScreen;
			sourceTree = "<group>";
		};
		FAA527F92A6EA53B005F95B1 = {
			isa = PBXGroup;
			children = (
				FAA528042A6EA53B005F95B1 /* 365WorldWide */,
				FAB355802A77A7E8000FF45E /* OneSignalNotificationServiceExtension */,
				FAA528032A6EA53B005F95B1 /* Products */,
			);
			sourceTree = "<group>";
		};
		FAA528032A6EA53B005F95B1 /* Products */ = {
			isa = PBXGroup;
			children = (
				FAA528022A6EA53B005F95B1 /* 365WorldWide.app */,
				FAB3557F2A77A7E8000FF45E /* OneSignalNotificationServiceExtension.appex */,
			);
			name = Products;
			sourceTree = "<group>";
		};
		FAA528042A6EA53B005F95B1 /* 365WorldWide */ = {
			isa = PBXGroup;
			children = (
				FAB355902A77A8AC000FF45E /* 365WorldWide.entitlements */,
				FAF0505E2A739F120065AB5B /* NavigationMenu */,
				FA4463AA2A72B5DA009E8545 /* TabBarController */,
				FA8F4A4D2A710009000D9924 /* NetworkModule */,
				FA639CE02A6EDBCF00432728 /* GeneralViews */,
				FA014EA52A6EC5C400043553 /* Model */,
				FAA5281C2A6EA5BF005F95B1 /* Extentions */,
				FAA5281B2A6EA5B5005F95B1 /* Services */,
				FAA528192A6EA573005F95B1 /* Screens */,
				FAA528052A6EA53B005F95B1 /* AppDelegate.swift */,
				FAA528072A6EA53B005F95B1 /* SceneDelegate.swift */,
				FAA5280E2A6EA53D005F95B1 /* Assets.xcassets */,
				FAA528102A6EA53D005F95B1 /* LaunchScreen.storyboard */,
				FAA528132A6EA53D005F95B1 /* Info.plist */,
			);
			path = 365WorldWide;
			sourceTree = "<group>";
		};
		FAA528192A6EA573005F95B1 /* Screens */ = {
			isa = PBXGroup;
			children = (
				FAF050642A73A3E70065AB5B /* SavedScreen */,
				FA4463AD2A72B868009E8545 /* MapScreen */,
				FAA2FF5C2A727A8600FA160C /* CalendarScreen */,
				FA668B2F2A701EDE000C84B5 /* LineUpScreen */,
				FA668B282A700E38000C84B5 /* FixtureEventsScreen */,
				FA668B1E2A6FF698000C84B5 /* H2hScreen */,
				FA668B132A6FDD8F000C84B5 /* FixtureStatisticScreen */,
				FA668B0A2A6FB548000C84B5 /* StandingsScreen */,
				FA668B012A6FA39A000C84B5 /* DetailEventScreen */,
				FA639CDB2A6EDAED00432728 /* MainScreen */,
				FA014E9E2A6EC56E00043553 /* SettingsScreen */,
				FA014E932A6EAE9500043553 /* OnboardingScreen */,
				FAA5281A2A6EA5AC005F95B1 /* LoaderScreen */,
			);
			path = Screens;
			sourceTree = "<group>";
		};
		FAA5281A2A6EA5AC005F95B1 /* LoaderScreen */ = {
			isa = PBXGroup;
			children = (
				FAA528292A6EA787005F95B1 /* LoaderViewController.swift */,
				FAA5282B2A6EA7F4005F95B1 /* LoaderView.swift */,
			);
			path = LoaderScreen;
			sourceTree = "<group>";
		};
		FAA5281B2A6EA5B5005F95B1 /* Services */ = {
			isa = PBXGroup;
			children = (
				FAF050612A73A1F30065AB5B /* Reminder */,
				FAA5281D2A6EA67B005F95B1 /* Coordinator */,
				FAA528232A6EA67B005F95B1 /* Observable.swift */,
				FAA528202A6EA67B005F95B1 /* SavingService */,
			);
			path = Services;
			sourceTree = "<group>";
		};
		FAA5281C2A6EA5BF005F95B1 /* Extentions */ = {
			isa = PBXGroup;
			children = (
				FAA5282D2A6EA819005F95B1 /* Extentions+UIKIt.swift */,
				FA8F4A6A2A710A5F000D9924 /* Extentions+Date.swift */,
			);
			path = Extentions;
			sourceTree = "<group>";
		};
		FAA5281D2A6EA67B005F95B1 /* Coordinator */ = {
			isa = PBXGroup;
			children = (
				FA4463A82A72B550009E8545 /* TabBarCoordinator.swift */,
				FAA5281E2A6EA67B005F95B1 /* MainCoordinator.swift */,
				FAA5281F2A6EA67B005F95B1 /* Coordinator.swift */,
			);
			path = Coordinator;
			sourceTree = "<group>";
		};
		FAA528202A6EA67B005F95B1 /* SavingService */ = {
			isa = PBXGroup;
			children = (
				FAA528212A6EA67B005F95B1 /* SavingService.swift */,
				FAA528222A6EA67B005F95B1 /* SaveManager.swift */,
			);
			path = SavingService;
			sourceTree = "<group>";
		};
		FAB355802A77A7E8000FF45E /* OneSignalNotificationServiceExtension */ = {
			isa = PBXGroup;
			children = (
				FAB355812A77A7E8000FF45E /* NotificationService.swift */,
				FAB355832A77A7E8000FF45E /* Info.plist */,
			);
			path = OneSignalNotificationServiceExtension;
			sourceTree = "<group>";
		};
		FAF0505E2A739F120065AB5B /* NavigationMenu */ = {
			isa = PBXGroup;
			children = (
				FAF0505F2A739F120065AB5B /* NavigationMenu.swift */,
			);
			path = NavigationMenu;
			sourceTree = "<group>";
		};
		FAF050612A73A1F30065AB5B /* Reminder */ = {
			isa = PBXGroup;
			children = (
				FAF050622A73A1F30065AB5B /* NotificationManager.swift */,
			);
			path = Reminder;
			sourceTree = "<group>";
		};
		FAF050642A73A3E70065AB5B /* SavedScreen */ = {
			isa = PBXGroup;
			children = (
				FAF050652A73A3FC0065AB5B /* SavedViewController.swift */,
				FAF050672A73A5060065AB5B /* SavedView.swift */,
				FAF050692A73A5ED0065AB5B /* SaveViewModel.swift */,
			);
			path = SavedScreen;
			sourceTree = "<group>";
		};
/* End PBXGroup section */

/* Begin PBXNativeTarget section */
		FAA528012A6EA53B005F95B1 /* 365WorldWide */ = {
			isa = PBXNativeTarget;
			buildConfigurationList = FAA528162A6EA53D005F95B1 /* Build configuration list for PBXNativeTarget "365WorldWide" */;
			buildPhases = (
				FAA527FE2A6EA53B005F95B1 /* Sources */,
				FAA527FF2A6EA53B005F95B1 /* Frameworks */,
				FAA528002A6EA53B005F95B1 /* Resources */,
				FAB3558A2A77A7E9000FF45E /* Embed Foundation Extensions */,
			);
			buildRules = (
			);
			dependencies = (
				FAB355852A77A7E8000FF45E /* PBXTargetDependency */,
			);
			name = 365WorldWide;
			packageProductDependencies = (
				FA8F4A5F2A71007A000D9924 /* Alamofire */,
				FA8F4A622A7100A0000D9924 /* Kingfisher */,
				FAA2FF5E2A727AAD00FA160C /* JTAppleCalendar */,
				FAB3558C2A77A887000FF45E /* OneSignal */,
				FAB355922A77A9E1000FF45E /* FirebaseAnalytics */,
				FAB355942A77A9E1000FF45E /* FirebaseAnalyticsSwift */,
				FAB355972A77AB1C000FF45E /* AppsFlyerLib */,
			);
			productName = 365WorldWide;
			productReference = FAA528022A6EA53B005F95B1 /* 365WorldWide.app */;
			productType = "com.apple.product-type.application";
		};
		FAB3557E2A77A7E8000FF45E /* OneSignalNotificationServiceExtension */ = {
			isa = PBXNativeTarget;
			buildConfigurationList = FAB355872A77A7E9000FF45E /* Build configuration list for PBXNativeTarget "OneSignalNotificationServiceExtension" */;
			buildPhases = (
				FAB3557B2A77A7E8000FF45E /* Sources */,
				FAB3557C2A77A7E8000FF45E /* Frameworks */,
				FAB3557D2A77A7E8000FF45E /* Resources */,
			);
			buildRules = (
			);
			dependencies = (
			);
			name = OneSignalNotificationServiceExtension;
			packageProductDependencies = (
				FAB3558E2A77A887000FF45E /* OneSignalExtension */,
			);
			productName = OneSignalNotificationServiceExtension;
			productReference = FAB3557F2A77A7E8000FF45E /* OneSignalNotificationServiceExtension.appex */;
			productType = "com.apple.product-type.app-extension";
		};
/* End PBXNativeTarget section */

/* Begin PBXProject section */
		FAA527FA2A6EA53B005F95B1 /* Project object */ = {
			isa = PBXProject;
			attributes = {
				BuildIndependentTargetsInParallel = 1;
				LastSwiftUpdateCheck = 1420;
				LastUpgradeCheck = 1420;
				TargetAttributes = {
					FAA528012A6EA53B005F95B1 = {
						CreatedOnToolsVersion = 14.2;
					};
					FAB3557E2A77A7E8000FF45E = {
						CreatedOnToolsVersion = 14.2;
					};
				};
			};
			buildConfigurationList = FAA527FD2A6EA53B005F95B1 /* Build configuration list for PBXProject "365WorldWide" */;
			compatibilityVersion = "Xcode 14.0";
			developmentRegion = en;
			hasScannedForEncodings = 0;
			knownRegions = (
				en,
				Base,
			);
			mainGroup = FAA527F92A6EA53B005F95B1;
			packageReferences = (
				FA8F4A5E2A71007A000D9924 /* XCRemoteSwiftPackageReference "Alamofire" */,
				FA8F4A612A7100A0000D9924 /* XCRemoteSwiftPackageReference "Kingfisher" */,
				FAA2FF5D2A727AAD00FA160C /* XCRemoteSwiftPackageReference "JTAppleCalendar" */,
				FAB3558B2A77A887000FF45E /* XCRemoteSwiftPackageReference "OneSignal-XCFramework" */,
				FAB355912A77A9E1000FF45E /* XCRemoteSwiftPackageReference "firebase-ios-sdk" */,
				FAB355962A77AB1C000FF45E /* XCRemoteSwiftPackageReference "AppsFlyerFramework" */,
			);
			productRefGroup = FAA528032A6EA53B005F95B1 /* Products */;
			projectDirPath = "";
			projectRoot = "";
			targets = (
				FAA528012A6EA53B005F95B1 /* 365WorldWide */,
				FAB3557E2A77A7E8000FF45E /* OneSignalNotificationServiceExtension */,
			);
		};
/* End PBXProject section */

/* Begin PBXResourcesBuildPhase section */
		FAA528002A6EA53B005F95B1 /* Resources */ = {
			isa = PBXResourcesBuildPhase;
			buildActionMask = 2147483647;
			files = (
				FAA528122A6EA53D005F95B1 /* LaunchScreen.storyboard in Resources */,
				FAA5280F2A6EA53D005F95B1 /* Assets.xcassets in Resources */,
			);
			runOnlyForDeploymentPostprocessing = 0;
		};
		FAB3557D2A77A7E8000FF45E /* Resources */ = {
			isa = PBXResourcesBuildPhase;
			buildActionMask = 2147483647;
			files = (
			);
			runOnlyForDeploymentPostprocessing = 0;
		};
/* End PBXResourcesBuildPhase section */

/* Begin PBXSourcesBuildPhase section */
		FAA527FE2A6EA53B005F95B1 /* Sources */ = {
			isa = PBXSourcesBuildPhase;
			buildActionMask = 2147483647;
			files = (
				FA668B152A6FDDB4000C84B5 /* FixtureStatisticView.swift in Sources */,
				FA639CDD2A6EDAFF00432728 /* AllEventsViewController.swift in Sources */,
				FA8F4A582A710009000D9924 /* EndpointParameters.swift in Sources */,
				FA014EA42A6EC5AE00043553 /* SettingsCollectionViewCell.swift in Sources */,
				FA668B0C2A6FB648000C84B5 /* StandingsViewController.swift in Sources */,
				FA014E9A2A6EB75600043553 /* OnboardingCollectionViewCell.swift in Sources */,
				FAF050632A73A1F30065AB5B /* NotificationManager.swift in Sources */,
				FA668B272A6FF867000C84B5 /* TeamH2hSubview.swift in Sources */,
				FAA528252A6EA67B005F95B1 /* Coordinator.swift in Sources */,
				FA4463AC2A72B5DB009E8545 /* TabBarViewController.swift in Sources */,
				FA668B2E2A700E7C000C84B5 /* FixtureEventsCollectionViewCell.swift in Sources */,
				FA8F4A592A710009000D9924 /* Endpoint.swift in Sources */,
				FAF0505B2A72BCE50065AB5B /* MapViewModel.swift in Sources */,
				FA39C25D2A7232E6006E2626 /* FixtureStatViewModel.swift in Sources */,
				FAA528262A6EA67B005F95B1 /* SavingService.swift in Sources */,
				FA668AFC2A6F9895000C84B5 /* FixtureCollectionViewCell.swift in Sources */,
				FAA528062A6EA53B005F95B1 /* AppDelegate.swift in Sources */,
				FA8F4A4C2A70F2E9000D9924 /* LineUpHeaderCollectionReusableView.swift in Sources */,
				FA668B052A6FA6D2000C84B5 /* EventTitleCollectionViewCell.swift in Sources */,
				FA639CE42A6EDCC300432728 /* FixtureView.swift in Sources */,
				FA668B322A701F05000C84B5 /* LineUpCollectionViewCell.swift in Sources */,
				FA014EA82A6EC5D200043553 /* TermsPolicy.swift in Sources */,
				FA668B0E2A6FB733000C84B5 /* StandingsView.swift in Sources */,
				FA639CDF2A6EDB1400432728 /* MainView.swift in Sources */,
				FA668B192A6FDE22000C84B5 /* EventStatisticCollectionViewCell.swift in Sources */,
				FA668B032A6FA3B8000C84B5 /* DetailEventViewController.swift in Sources */,
				FA668B072A6FA8B2000C84B5 /* DetailEventViewModel.swift in Sources */,
				FAF0506A2A73A5ED0065AB5B /* SaveViewModel.swift in Sources */,
				FA668B252A6FF6FA000C84B5 /* H2hView.swift in Sources */,
				FAA2FF5B2A724B4B00FA160C /* LineUpViewModel.swift in Sources */,
				FA4463AF2A72B880009E8545 /* MapViewController.swift in Sources */,
				FA668B382A701F85000C84B5 /* LineUpViewController.swift in Sources */,
				FAA2FF632A727C0300FA160C /* CalendarViewController.swift in Sources */,
				FA014EA22A6EC5AE00043553 /* TermsViewController.swift in Sources */,
				FAA5282A2A6EA787005F95B1 /* LoaderViewController.swift in Sources */,
				FAF050662A73A3FC0065AB5B /* SavedViewController.swift in Sources */,
				FA85AB222A71466D00CCE942 /* H2hViewModel.swift in Sources */,
				FA014E9B2A6EB75600043553 /* OnboardingViewModel.swift in Sources */,
				FA668B342A701F23000C84B5 /* FormationCollectionViewCell.swift in Sources */,
				FA39C25B2A717C89006E2626 /* FixtureEventsViewModel.swift in Sources */,
				FA8F4A672A7101AD000D9924 /* FixtureCell.swift in Sources */,
				FA014EA32A6EC5AE00043553 /* SettingsViewController.swift in Sources */,
				FA668B172A6FDDC9000C84B5 /* FixtureStatisticViewController.swift in Sources */,
				FAA2FF652A727C0300FA160C /* CalendarConteinerView.swift in Sources */,
				FAA528282A6EA67B005F95B1 /* Observable.swift in Sources */,
				FA668B362A701F4D000C84B5 /* LineUpView.swift in Sources */,
				FAA2FF592A72405900FA160C /* StandingsViewModel.swift in Sources */,
				FAA528242A6EA67B005F95B1 /* MainCoordinator.swift in Sources */,
				FA8F4A652A710187000D9924 /* MainViewModel.swift in Sources */,
				FA668B092A6FAAB8000C84B5 /* LabelsStackView.swift in Sources */,
				FA8F4A572A710009000D9924 /* NetworkManager.swift in Sources */,
				FAF050602A739F120065AB5B /* NavigationMenu.swift in Sources */,
				FA668B122A6FD904000C84B5 /* TopDetailView.swift in Sources */,
				FA8F4A5A2A710009000D9924 /* Leagues.swift in Sources */,
				FAA528272A6EA67B005F95B1 /* SaveManager.swift in Sources */,
				FA668B102A6FB7CF000C84B5 /* StandingsCollectionViewCell.swift in Sources */,
				FAF050682A73A5060065AB5B /* SavedView.swift in Sources */,
				FA4463A92A72B550009E8545 /* TabBarCoordinator.swift in Sources */,
				FA639CE62A6EDCC300432728 /* TeamView.swift in Sources */,
				FA8F4A5C2A710009000D9924 /* PalyerStatisticsFromAPI.swift in Sources */,
				FA668B202A6FF6B2000C84B5 /* H2hCollectionViewCell.swift in Sources */,
				FA668B002A6FA38D000C84B5 /* DetailEventView.swift in Sources */,
				FA8F4A6B2A710A5F000D9924 /* Extentions+Date.swift in Sources */,
				FA8F4A5B2A710009000D9924 /* LiveDataBuffer.swift in Sources */,
				FAA5282E2A6EA819005F95B1 /* Extentions+UIKIt.swift in Sources */,
				FA668B2C2A700E68000C84B5 /* FixtureEventsViewController.swift in Sources */,
				FAA528082A6EA53B005F95B1 /* SceneDelegate.swift in Sources */,
				FA668B2A2A700E54000C84B5 /* FixtureEventsView.swift in Sources */,
				FA014E9D2A6EB76200043553 /* OnboardingViewController.swift in Sources */,
				FA8F4A5D2A710009000D9924 /* GameStatisticFromAPI.swift in Sources */,
				FA8F4A692A7109F4000D9924 /* DateViewModel.swift in Sources */,
				FA014E992A6EB75600043553 /* OnboardingView.swift in Sources */,
				FAF050592A72BCDA0065AB5B /* AnnotationView.swift in Sources */,
				FAA5282C2A6EA7F4005F95B1 /* LoaderView.swift in Sources */,
				FAA2FF642A727C0300FA160C /* CalendarCollectionViewCell.swift in Sources */,
				FA639CE52A6EDCC300432728 /* DateCollectionViewCell.swift in Sources */,
				FA668B1D2A6FED8E000C84B5 /* BallPossesionCollectionViewCell.swift in Sources */,
				FA668B1B2A6FEA10000C84B5 /* CircularProgressView.swift in Sources */,
				FA014EA92A6EC5D200043553 /* Settings.swift in Sources */,
				FA668B222A6FF6C5000C84B5 /* H2hViewController.swift in Sources */,
			);
			runOnlyForDeploymentPostprocessing = 0;
		};
		FAB3557B2A77A7E8000FF45E /* Sources */ = {
			isa = PBXSourcesBuildPhase;
			buildActionMask = 2147483647;
			files = (
				FAB355822A77A7E8000FF45E /* NotificationService.swift in Sources */,
			);
			runOnlyForDeploymentPostprocessing = 0;
		};
/* End PBXSourcesBuildPhase section */

/* Begin PBXTargetDependency section */
		FAB355852A77A7E8000FF45E /* PBXTargetDependency */ = {
			isa = PBXTargetDependency;
			target = FAB3557E2A77A7E8000FF45E /* OneSignalNotificationServiceExtension */;
			targetProxy = FAB355842A77A7E8000FF45E /* PBXContainerItemProxy */;
		};
/* End PBXTargetDependency section */

/* Begin PBXVariantGroup section */
		FAA528102A6EA53D005F95B1 /* LaunchScreen.storyboard */ = {
			isa = PBXVariantGroup;
			children = (
				FAA528112A6EA53D005F95B1 /* Base */,
			);
			name = LaunchScreen.storyboard;
			sourceTree = "<group>";
		};
/* End PBXVariantGroup section */

/* Begin XCBuildConfiguration section */
		FAA528142A6EA53D005F95B1 /* Debug */ = {
			isa = XCBuildConfiguration;
			buildSettings = {
				ALWAYS_SEARCH_USER_PATHS = NO;
				CLANG_ANALYZER_NONNULL = YES;
				CLANG_ANALYZER_NUMBER_OBJECT_CONVERSION = YES_AGGRESSIVE;
				CLANG_CXX_LANGUAGE_STANDARD = "gnu++20";
				CLANG_ENABLE_MODULES = YES;
				CLANG_ENABLE_OBJC_ARC = YES;
				CLANG_ENABLE_OBJC_WEAK = YES;
				CLANG_WARN_BLOCK_CAPTURE_AUTORELEASING = YES;
				CLANG_WARN_BOOL_CONVERSION = YES;
				CLANG_WARN_COMMA = YES;
				CLANG_WARN_CONSTANT_CONVERSION = YES;
				CLANG_WARN_DEPRECATED_OBJC_IMPLEMENTATIONS = YES;
				CLANG_WARN_DIRECT_OBJC_ISA_USAGE = YES_ERROR;
				CLANG_WARN_DOCUMENTATION_COMMENTS = YES;
				CLANG_WARN_EMPTY_BODY = YES;
				CLANG_WARN_ENUM_CONVERSION = YES;
				CLANG_WARN_INFINITE_RECURSION = YES;
				CLANG_WARN_INT_CONVERSION = YES;
				CLANG_WARN_NON_LITERAL_NULL_CONVERSION = YES;
				CLANG_WARN_OBJC_IMPLICIT_RETAIN_SELF = YES;
				CLANG_WARN_OBJC_LITERAL_CONVERSION = YES;
				CLANG_WARN_OBJC_ROOT_CLASS = YES_ERROR;
				CLANG_WARN_QUOTED_INCLUDE_IN_FRAMEWORK_HEADER = YES;
				CLANG_WARN_RANGE_LOOP_ANALYSIS = YES;
				CLANG_WARN_STRICT_PROTOTYPES = YES;
				CLANG_WARN_SUSPICIOUS_MOVE = YES;
				CLANG_WARN_UNGUARDED_AVAILABILITY = YES_AGGRESSIVE;
				CLANG_WARN_UNREACHABLE_CODE = YES;
				CLANG_WARN__DUPLICATE_METHOD_MATCH = YES;
				COPY_PHASE_STRIP = NO;
				DEBUG_INFORMATION_FORMAT = dwarf;
				ENABLE_STRICT_OBJC_MSGSEND = YES;
				ENABLE_TESTABILITY = YES;
				GCC_C_LANGUAGE_STANDARD = gnu11;
				GCC_DYNAMIC_NO_PIC = NO;
				GCC_NO_COMMON_BLOCKS = YES;
				GCC_OPTIMIZATION_LEVEL = 0;
				GCC_PREPROCESSOR_DEFINITIONS = (
					"DEBUG=1",
					"$(inherited)",
				);
				GCC_WARN_64_TO_32_BIT_CONVERSION = YES;
				GCC_WARN_ABOUT_RETURN_TYPE = YES_ERROR;
				GCC_WARN_UNDECLARED_SELECTOR = YES;
				GCC_WARN_UNINITIALIZED_AUTOS = YES_AGGRESSIVE;
				GCC_WARN_UNUSED_FUNCTION = YES;
				GCC_WARN_UNUSED_VARIABLE = YES;
				IPHONEOS_DEPLOYMENT_TARGET = 16.2;
				MTL_ENABLE_DEBUG_INFO = INCLUDE_SOURCE;
				MTL_FAST_MATH = YES;
				ONLY_ACTIVE_ARCH = YES;
				SDKROOT = iphoneos;
				SWIFT_ACTIVE_COMPILATION_CONDITIONS = DEBUG;
				SWIFT_OPTIMIZATION_LEVEL = "-Onone";
			};
			name = Debug;
		};
		FAA528152A6EA53D005F95B1 /* Release */ = {
			isa = XCBuildConfiguration;
			buildSettings = {
				ALWAYS_SEARCH_USER_PATHS = NO;
				CLANG_ANALYZER_NONNULL = YES;
				CLANG_ANALYZER_NUMBER_OBJECT_CONVERSION = YES_AGGRESSIVE;
				CLANG_CXX_LANGUAGE_STANDARD = "gnu++20";
				CLANG_ENABLE_MODULES = YES;
				CLANG_ENABLE_OBJC_ARC = YES;
				CLANG_ENABLE_OBJC_WEAK = YES;
				CLANG_WARN_BLOCK_CAPTURE_AUTORELEASING = YES;
				CLANG_WARN_BOOL_CONVERSION = YES;
				CLANG_WARN_COMMA = YES;
				CLANG_WARN_CONSTANT_CONVERSION = YES;
				CLANG_WARN_DEPRECATED_OBJC_IMPLEMENTATIONS = YES;
				CLANG_WARN_DIRECT_OBJC_ISA_USAGE = YES_ERROR;
				CLANG_WARN_DOCUMENTATION_COMMENTS = YES;
				CLANG_WARN_EMPTY_BODY = YES;
				CLANG_WARN_ENUM_CONVERSION = YES;
				CLANG_WARN_INFINITE_RECURSION = YES;
				CLANG_WARN_INT_CONVERSION = YES;
				CLANG_WARN_NON_LITERAL_NULL_CONVERSION = YES;
				CLANG_WARN_OBJC_IMPLICIT_RETAIN_SELF = YES;
				CLANG_WARN_OBJC_LITERAL_CONVERSION = YES;
				CLANG_WARN_OBJC_ROOT_CLASS = YES_ERROR;
				CLANG_WARN_QUOTED_INCLUDE_IN_FRAMEWORK_HEADER = YES;
				CLANG_WARN_RANGE_LOOP_ANALYSIS = YES;
				CLANG_WARN_STRICT_PROTOTYPES = YES;
				CLANG_WARN_SUSPICIOUS_MOVE = YES;
				CLANG_WARN_UNGUARDED_AVAILABILITY = YES_AGGRESSIVE;
				CLANG_WARN_UNREACHABLE_CODE = YES;
				CLANG_WARN__DUPLICATE_METHOD_MATCH = YES;
				COPY_PHASE_STRIP = NO;
				DEBUG_INFORMATION_FORMAT = "dwarf-with-dsym";
				ENABLE_NS_ASSERTIONS = NO;
				ENABLE_STRICT_OBJC_MSGSEND = YES;
				GCC_C_LANGUAGE_STANDARD = gnu11;
				GCC_NO_COMMON_BLOCKS = YES;
				GCC_WARN_64_TO_32_BIT_CONVERSION = YES;
				GCC_WARN_ABOUT_RETURN_TYPE = YES_ERROR;
				GCC_WARN_UNDECLARED_SELECTOR = YES;
				GCC_WARN_UNINITIALIZED_AUTOS = YES_AGGRESSIVE;
				GCC_WARN_UNUSED_FUNCTION = YES;
				GCC_WARN_UNUSED_VARIABLE = YES;
				IPHONEOS_DEPLOYMENT_TARGET = 16.2;
				MTL_ENABLE_DEBUG_INFO = NO;
				MTL_FAST_MATH = YES;
				SDKROOT = iphoneos;
				SWIFT_COMPILATION_MODE = wholemodule;
				SWIFT_OPTIMIZATION_LEVEL = "-O";
				VALIDATE_PRODUCT = YES;
			};
			name = Release;
		};
		FAA528172A6EA53D005F95B1 /* Debug */ = {
			isa = XCBuildConfiguration;
			buildSettings = {
				ALWAYS_EMBED_SWIFT_STANDARD_LIBRARIES = YES;
				ASSETCATALOG_COMPILER_APPICON_NAME = AppIcon;
				ASSETCATALOG_COMPILER_GLOBAL_ACCENT_COLOR_NAME = AccentColor;
				CODE_SIGN_ENTITLEMENTS = 365WorldWide/365WorldWide.entitlements;
				CODE_SIGN_STYLE = Manual;
				CURRENT_PROJECT_VERSION = 1;
				DEVELOPMENT_TEAM = "";
				GENERATE_INFOPLIST_FILE = YES;
				INFOPLIST_FILE = 365WorldWide/Info.plist;
				INFOPLIST_KEY_UIApplicationSupportsIndirectInputEvents = YES;
				INFOPLIST_KEY_UILaunchStoryboardName = LaunchScreen;
				INFOPLIST_KEY_UISupportedInterfaceOrientations = UIInterfaceOrientationPortrait;
				INFOPLIST_KEY_UISupportedInterfaceOrientations_iPad = "UIInterfaceOrientationLandscapeLeft UIInterfaceOrientationLandscapeRight UIInterfaceOrientationPortrait UIInterfaceOrientationPortraitUpsideDown";
				IPHONEOS_DEPLOYMENT_TARGET = 14.5;
				LD_RUNPATH_SEARCH_PATHS = (
					"$(inherited)",
					"@executable_path/Frameworks",
				);
				MARKETING_VERSION = 1.0;
				PRODUCT_BUNDLE_IDENTIFIER = com.app.365WorldWide;
				PRODUCT_NAME = "$(TARGET_NAME)";
				PROVISIONING_PROFILE_SPECIFIER = "";
				SUPPORTED_PLATFORMS = "iphoneos iphonesimulator";
				SUPPORTS_MACCATALYST = NO;
				SUPPORTS_MAC_DESIGNED_FOR_IPHONE_IPAD = NO;
				SWIFT_EMIT_LOC_STRINGS = YES;
				SWIFT_VERSION = 5.0;
				TARGETED_DEVICE_FAMILY = 1;
			};
			name = Debug;
		};
		FAA528182A6EA53D005F95B1 /* Release */ = {
			isa = XCBuildConfiguration;
			buildSettings = {
				ALWAYS_EMBED_SWIFT_STANDARD_LIBRARIES = YES;
				ASSETCATALOG_COMPILER_APPICON_NAME = AppIcon;
				ASSETCATALOG_COMPILER_GLOBAL_ACCENT_COLOR_NAME = AccentColor;
				CODE_SIGN_ENTITLEMENTS = 365WorldWide/365WorldWide.entitlements;
				CODE_SIGN_STYLE = Manual;
				CURRENT_PROJECT_VERSION = 1;
				DEVELOPMENT_TEAM = "";
				GENERATE_INFOPLIST_FILE = YES;
				INFOPLIST_FILE = 365WorldWide/Info.plist;
				INFOPLIST_KEY_UIApplicationSupportsIndirectInputEvents = YES;
				INFOPLIST_KEY_UILaunchStoryboardName = LaunchScreen;
				INFOPLIST_KEY_UISupportedInterfaceOrientations = UIInterfaceOrientationPortrait;
				INFOPLIST_KEY_UISupportedInterfaceOrientations_iPad = "UIInterfaceOrientationLandscapeLeft UIInterfaceOrientationLandscapeRight UIInterfaceOrientationPortrait UIInterfaceOrientationPortraitUpsideDown";
				IPHONEOS_DEPLOYMENT_TARGET = 14.5;
				LD_RUNPATH_SEARCH_PATHS = (
					"$(inherited)",
					"@executable_path/Frameworks",
				);
				MARKETING_VERSION = 1.0;
				PRODUCT_BUNDLE_IDENTIFIER = com.app.365WorldWide;
				PRODUCT_NAME = "$(TARGET_NAME)";
				PROVISIONING_PROFILE_SPECIFIER = "";
				SUPPORTED_PLATFORMS = "iphoneos iphonesimulator";
				SUPPORTS_MACCATALYST = NO;
				SUPPORTS_MAC_DESIGNED_FOR_IPHONE_IPAD = NO;
				SWIFT_EMIT_LOC_STRINGS = YES;
				SWIFT_VERSION = 5.0;
				TARGETED_DEVICE_FAMILY = 1;
			};
			name = Release;
		};
		FAB355882A77A7E9000FF45E /* Debug */ = {
			isa = XCBuildConfiguration;
			buildSettings = {
				CODE_SIGN_STYLE = Automatic;
				CURRENT_PROJECT_VERSION = 1;
				DEVELOPMENT_TEAM = 43WY7YM2KD;
				GENERATE_INFOPLIST_FILE = YES;
				INFOPLIST_FILE = OneSignalNotificationServiceExtension/Info.plist;
				INFOPLIST_KEY_CFBundleDisplayName = OneSignalNotificationServiceExtension;
				INFOPLIST_KEY_NSHumanReadableCopyright = "";
				LD_RUNPATH_SEARCH_PATHS = (
					"$(inherited)",
					"@executable_path/Frameworks",
					"@executable_path/../../Frameworks",
				);
				MARKETING_VERSION = 1.0;
				PRODUCT_BUNDLE_IDENTIFIER = com.app.365WorldWide.OneSignalNotificationServiceExtension;
				PRODUCT_NAME = "$(TARGET_NAME)";
				SKIP_INSTALL = YES;
				SWIFT_EMIT_LOC_STRINGS = YES;
				SWIFT_VERSION = 5.0;
				TARGETED_DEVICE_FAMILY = "1,2";
			};
			name = Debug;
		};
		FAB355892A77A7E9000FF45E /* Release */ = {
			isa = XCBuildConfiguration;
			buildSettings = {
				CODE_SIGN_STYLE = Automatic;
				CURRENT_PROJECT_VERSION = 1;
				DEVELOPMENT_TEAM = 43WY7YM2KD;
				GENERATE_INFOPLIST_FILE = YES;
				INFOPLIST_FILE = OneSignalNotificationServiceExtension/Info.plist;
				INFOPLIST_KEY_CFBundleDisplayName = OneSignalNotificationServiceExtension;
				INFOPLIST_KEY_NSHumanReadableCopyright = "";
				LD_RUNPATH_SEARCH_PATHS = (
					"$(inherited)",
					"@executable_path/Frameworks",
					"@executable_path/../../Frameworks",
				);
				MARKETING_VERSION = 1.0;
				PRODUCT_BUNDLE_IDENTIFIER = com.app.365WorldWide.OneSignalNotificationServiceExtension;
				PRODUCT_NAME = "$(TARGET_NAME)";
				SKIP_INSTALL = YES;
				SWIFT_EMIT_LOC_STRINGS = YES;
				SWIFT_VERSION = 5.0;
				TARGETED_DEVICE_FAMILY = "1,2";
			};
			name = Release;
		};
/* End XCBuildConfiguration section */

/* Begin XCConfigurationList section */
		FAA527FD2A6EA53B005F95B1 /* Build configuration list for PBXProject "365WorldWide" */ = {
			isa = XCConfigurationList;
			buildConfigurations = (
				FAA528142A6EA53D005F95B1 /* Debug */,
				FAA528152A6EA53D005F95B1 /* Release */,
			);
			defaultConfigurationIsVisible = 0;
			defaultConfigurationName = Release;
		};
		FAA528162A6EA53D005F95B1 /* Build configuration list for PBXNativeTarget "365WorldWide" */ = {
			isa = XCConfigurationList;
			buildConfigurations = (
				FAA528172A6EA53D005F95B1 /* Debug */,
				FAA528182A6EA53D005F95B1 /* Release */,
			);
			defaultConfigurationIsVisible = 0;
			defaultConfigurationName = Release;
		};
		FAB355872A77A7E9000FF45E /* Build configuration list for PBXNativeTarget "OneSignalNotificationServiceExtension" */ = {
			isa = XCConfigurationList;
			buildConfigurations = (
				FAB355882A77A7E9000FF45E /* Debug */,
				FAB355892A77A7E9000FF45E /* Release */,
			);
			defaultConfigurationIsVisible = 0;
			defaultConfigurationName = Release;
		};
/* End XCConfigurationList section */

/* Begin XCRemoteSwiftPackageReference section */
		FA8F4A5E2A71007A000D9924 /* XCRemoteSwiftPackageReference "Alamofire" */ = {
			isa = XCRemoteSwiftPackageReference;
			repositoryURL = "https://github.com/Alamofire/Alamofire.git";
			requirement = {
				kind = upToNextMajorVersion;
				minimumVersion = 5.0.0;
			};
		};
		FA8F4A612A7100A0000D9924 /* XCRemoteSwiftPackageReference "Kingfisher" */ = {
			isa = XCRemoteSwiftPackageReference;
			repositoryURL = "https://github.com/onevcat/Kingfisher.git";
			requirement = {
				branch = master;
				kind = branch;
			};
		};
		FAA2FF5D2A727AAD00FA160C /* XCRemoteSwiftPackageReference "JTAppleCalendar" */ = {
			isa = XCRemoteSwiftPackageReference;
			repositoryURL = "https://github.com/patchthecode/JTAppleCalendar";
			requirement = {
				kind = upToNextMajorVersion;
				minimumVersion = 8.0.0;
			};
		};
		FAB3558B2A77A887000FF45E /* XCRemoteSwiftPackageReference "OneSignal-XCFramework" */ = {
			isa = XCRemoteSwiftPackageReference;
			repositoryURL = "https://github.com/OneSignal/OneSignal-XCFramework";
			requirement = {
				kind = upToNextMajorVersion;
				minimumVersion = 3.0.0;
			};
		};
		FAB355912A77A9E1000FF45E /* XCRemoteSwiftPackageReference "firebase-ios-sdk" */ = {
			isa = XCRemoteSwiftPackageReference;
			repositoryURL = "https://github.com/firebase/firebase-ios-sdk.git";
			requirement = {
				kind = upToNextMajorVersion;
				minimumVersion = 9.0.0;
			};
		};
		FAB355962A77AB1C000FF45E /* XCRemoteSwiftPackageReference "AppsFlyerFramework" */ = {
			isa = XCRemoteSwiftPackageReference;
			repositoryURL = "https://github.com/AppsFlyerSDK/AppsFlyerFramework";
			requirement = {
				kind = upToNextMajorVersion;
				minimumVersion = 6.0.0;
			};
		};
/* End XCRemoteSwiftPackageReference section */

/* Begin XCSwiftPackageProductDependency section */
		FA8F4A5F2A71007A000D9924 /* Alamofire */ = {
			isa = XCSwiftPackageProductDependency;
			package = FA8F4A5E2A71007A000D9924 /* XCRemoteSwiftPackageReference "Alamofire" */;
			productName = Alamofire;
		};
		FA8F4A622A7100A0000D9924 /* Kingfisher */ = {
			isa = XCSwiftPackageProductDependency;
			package = FA8F4A612A7100A0000D9924 /* XCRemoteSwiftPackageReference "Kingfisher" */;
			productName = Kingfisher;
		};
		FAA2FF5E2A727AAD00FA160C /* JTAppleCalendar */ = {
			isa = XCSwiftPackageProductDependency;
			package = FAA2FF5D2A727AAD00FA160C /* XCRemoteSwiftPackageReference "JTAppleCalendar" */;
			productName = JTAppleCalendar;
		};
		FAB3558C2A77A887000FF45E /* OneSignal */ = {
			isa = XCSwiftPackageProductDependency;
			package = FAB3558B2A77A887000FF45E /* XCRemoteSwiftPackageReference "OneSignal-XCFramework" */;
			productName = OneSignal;
		};
		FAB3558E2A77A887000FF45E /* OneSignalExtension */ = {
			isa = XCSwiftPackageProductDependency;
			package = FAB3558B2A77A887000FF45E /* XCRemoteSwiftPackageReference "OneSignal-XCFramework" */;
			productName = OneSignalExtension;
		};
		FAB355922A77A9E1000FF45E /* FirebaseAnalytics */ = {
			isa = XCSwiftPackageProductDependency;
			package = FAB355912A77A9E1000FF45E /* XCRemoteSwiftPackageReference "firebase-ios-sdk" */;
			productName = FirebaseAnalytics;
		};
		FAB355942A77A9E1000FF45E /* FirebaseAnalyticsSwift */ = {
			isa = XCSwiftPackageProductDependency;
			package = FAB355912A77A9E1000FF45E /* XCRemoteSwiftPackageReference "firebase-ios-sdk" */;
			productName = FirebaseAnalyticsSwift;
		};
		FAB355972A77AB1C000FF45E /* AppsFlyerLib */ = {
			isa = XCSwiftPackageProductDependency;
			package = FAB355962A77AB1C000FF45E /* XCRemoteSwiftPackageReference "AppsFlyerFramework" */;
			productName = AppsFlyerLib;
		};
/* End XCSwiftPackageProductDependency section */
	};
	rootObject = FAA527FA2A6EA53B005F95B1 /* Project object */;
}
